// !$*UTF8*$!
{
	archiveVersion = 1;
	classes = {
	};
	objectVersion = 46;
	objects = {

/* Begin PBXBuildFile section */
		5945D95BFF5ABC906AC8BCE4 /* libPods-Recruitment.a in Frameworks */ = {isa = PBXBuildFile; fileRef = E27941E1587E8AC96BF6F25B /* libPods-Recruitment.a */; };
		F70EF4761F5F7F8E001C65A7 /* main.m in Sources */ = {isa = PBXBuildFile; fileRef = F70EF4751F5F7F8E001C65A7 /* main.m */; };
		F70EF4791F5F7F8E001C65A7 /* AppDelegate.m in Sources */ = {isa = PBXBuildFile; fileRef = F70EF4781F5F7F8E001C65A7 /* AppDelegate.m */; };
		F70EF47F1F5F7F8E001C65A7 /* Main.storyboard in Resources */ = {isa = PBXBuildFile; fileRef = F70EF47D1F5F7F8E001C65A7 /* Main.storyboard */; };
		F70EF4811F5F7F8E001C65A7 /* Assets.xcassets in Resources */ = {isa = PBXBuildFile; fileRef = F70EF4801F5F7F8E001C65A7 /* Assets.xcassets */; };
		F70EF4841F5F7F8E001C65A7 /* LaunchScreen.storyboard in Resources */ = {isa = PBXBuildFile; fileRef = F70EF4821F5F7F8E001C65A7 /* LaunchScreen.storyboard */; };
		F70EF4901F5F8591001C65A7 /* AFNetworking_RequestData.m in Sources */ = {isa = PBXBuildFile; fileRef = F70EF48F1F5F8591001C65A7 /* AFNetworking_RequestData.m */; };
		F70EF4D81F5F85E4001C65A7 /* InfoCache.m in Sources */ = {isa = PBXBuildFile; fileRef = F70EF4D71F5F85E4001C65A7 /* InfoCache.m */; };
		F70EF4DC1F5F85ED001C65A7 /* UIView+Toast.m in Sources */ = {isa = PBXBuildFile; fileRef = F70EF4DB1F5F85ED001C65A7 /* UIView+Toast.m */; };
		F70EF4EC1F5F85F7001C65A7 /* nav-background@2x.png in Resources */ = {isa = PBXBuildFile; fileRef = F70EF4DE1F5F85F7001C65A7 /* nav-background@2x.png */; };
		F70EF4ED1F5F85F7001C65A7 /* NSStringExt.m in Sources */ = {isa = PBXBuildFile; fileRef = F70EF4E01F5F85F7001C65A7 /* NSStringExt.m */; };
		F70EF4EF1F5F85F7001C65A7 /* UITableView+EmptyData.m in Sources */ = {isa = PBXBuildFile; fileRef = F70EF4E51F5F85F7001C65A7 /* UITableView+EmptyData.m */; };
		F70EF4F01F5F85F7001C65A7 /* UIImage+UIImageExt.m in Sources */ = {isa = PBXBuildFile; fileRef = F70EF4E71F5F85F7001C65A7 /* UIImage+UIImageExt.m */; };
		F70EF4F11F5F85F7001C65A7 /* UIViewController+UIViewControllerExt.m in Sources */ = {isa = PBXBuildFile; fileRef = F70EF4E91F5F85F7001C65A7 /* UIViewController+UIViewControllerExt.m */; };
		F70EF4F21F5F85F7001C65A7 /* UIViewExt.m in Sources */ = {isa = PBXBuildFile; fileRef = F70EF4EB1F5F85F7001C65A7 /* UIViewExt.m */; };
		F70EF4F61F5F85FE001C65A7 /* UIColor+Expend.m in Sources */ = {isa = PBXBuildFile; fileRef = F70EF4F51F5F85FE001C65A7 /* UIColor+Expend.m */; };
		F70EF5021F5F860A001C65A7 /* ZXPUnicode.m in Sources */ = {isa = PBXBuildFile; fileRef = F70EF5011F5F860A001C65A7 /* ZXPUnicode.m */; };
		F70EF5131F5F8616001C65A7 /* TAAbstractDotView.m in Sources */ = {isa = PBXBuildFile; fileRef = F70EF5061F5F8616001C65A7 /* TAAbstractDotView.m */; };
		F70EF5141F5F8616001C65A7 /* TAAnimatedDotView.m in Sources */ = {isa = PBXBuildFile; fileRef = F70EF5081F5F8616001C65A7 /* TAAnimatedDotView.m */; };
		F70EF5151F5F8616001C65A7 /* TADotView.m in Sources */ = {isa = PBXBuildFile; fileRef = F70EF50A1F5F8616001C65A7 /* TADotView.m */; };
		F70EF5161F5F8616001C65A7 /* TAPageControl.m in Sources */ = {isa = PBXBuildFile; fileRef = F70EF50C1F5F8616001C65A7 /* TAPageControl.m */; };
		F70EF5171F5F8616001C65A7 /* SDCollectionViewCell.m in Sources */ = {isa = PBXBuildFile; fileRef = F70EF50E1F5F8616001C65A7 /* SDCollectionViewCell.m */; };
		F70EF5181F5F8616001C65A7 /* SDCycleScrollView.m in Sources */ = {isa = PBXBuildFile; fileRef = F70EF5101F5F8616001C65A7 /* SDCycleScrollView.m */; };
		F70EF5191F5F8616001C65A7 /* UIView+SDExtension.m in Sources */ = {isa = PBXBuildFile; fileRef = F70EF5121F5F8616001C65A7 /* UIView+SDExtension.m */; };
		F70EF51D1F5F8631001C65A7 /* RegexTool.m in Sources */ = {isa = PBXBuildFile; fileRef = F70EF51C1F5F8631001C65A7 /* RegexTool.m */; };
		F70EF5261F5FBA75001C65A7 /* BaseViewController.m in Sources */ = {isa = PBXBuildFile; fileRef = F70EF5251F5FBA75001C65A7 /* BaseViewController.m */; };
		F70EF5291F5FBA7C001C65A7 /* NavigationController.m in Sources */ = {isa = PBXBuildFile; fileRef = F70EF5281F5FBA7C001C65A7 /* NavigationController.m */; };
		F70EF52C1F5FBAB3001C65A7 /* HomeVC.m in Sources */ = {isa = PBXBuildFile; fileRef = F70EF52B1F5FBAB3001C65A7 /* HomeVC.m */; };
		F70EF52F1F5FBAC0001C65A7 /* MessageVC.m in Sources */ = {isa = PBXBuildFile; fileRef = F70EF52E1F5FBAC0001C65A7 /* MessageVC.m */; };
		F70EF5321F5FBAF4001C65A7 /* ResumeVC.m in Sources */ = {isa = PBXBuildFile; fileRef = F70EF5311F5FBAF4001C65A7 /* ResumeVC.m */; };
		F70EF5351F5FBB0E001C65A7 /* PersonalCenterVC.m in Sources */ = {isa = PBXBuildFile; fileRef = F70EF5341F5FBB0E001C65A7 /* PersonalCenterVC.m */; };
		F70EF5381F5FBB4B001C65A7 /* TabBarController.m in Sources */ = {isa = PBXBuildFile; fileRef = F70EF5371F5FBB4B001C65A7 /* TabBarController.m */; };
		F70EF53B1F5FC7E2001C65A7 /* PersonalCell.m in Sources */ = {isa = PBXBuildFile; fileRef = F70EF53A1F5FC7E2001C65A7 /* PersonalCell.m */; };
		F70EF53F1F5FD964001C65A7 /* LoginVC.m in Sources */ = {isa = PBXBuildFile; fileRef = F70EF53E1F5FD964001C65A7 /* LoginVC.m */; };
		F72FF8B61F62314100E3AA92 /* ApplyJobVC.m in Sources */ = {isa = PBXBuildFile; fileRef = F72FF8B51F62314100E3AA92 /* ApplyJobVC.m */; };
		F72FF8B91F6234F000E3AA92 /* JobModel.m in Sources */ = {isa = PBXBuildFile; fileRef = F72FF8B81F6234F000E3AA92 /* JobModel.m */; };
		F72FF8BC1F625EA600E3AA92 /* JobView.m in Sources */ = {isa = PBXBuildFile; fileRef = F72FF8BB1F625EA600E3AA92 /* JobView.m */; };
		F72FF8BF1F6270BF00E3AA92 /* JobView1.m in Sources */ = {isa = PBXBuildFile; fileRef = F72FF8BE1F6270BF00E3AA92 /* JobView1.m */; };
		F72FF8C21F62755C00E3AA92 /* JobDetailVC.m in Sources */ = {isa = PBXBuildFile; fileRef = F72FF8C11F62755C00E3AA92 /* JobDetailVC.m */; };
		F72FF8C51F6282EB00E3AA92 /* JobDetailCell.m in Sources */ = {isa = PBXBuildFile; fileRef = F72FF8C41F6282EB00E3AA92 /* JobDetailCell.m */; };
		F72FF8C81F628D5C00E3AA92 /* CompanyDetailVC.m in Sources */ = {isa = PBXBuildFile; fileRef = F72FF8C71F628D5C00E3AA92 /* CompanyDetailVC.m */; };
		F73C37B11F60CF3D00027289 /* RegisterVC.m in Sources */ = {isa = PBXBuildFile; fileRef = F73C37B01F60CF3D00027289 /* RegisterVC.m */; };
		F73C37B41F60EFCA00027289 /* MessageCell.m in Sources */ = {isa = PBXBuildFile; fileRef = F73C37B31F60EFCA00027289 /* MessageCell.m */; };
		F73C37BD1F61134500027289 /* NSString+WJExtension.m in Sources */ = {isa = PBXBuildFile; fileRef = F73C37B81F61134500027289 /* NSString+WJExtension.m */; };
		F73C37BE1F61134500027289 /* UIView+WJExtension.m in Sources */ = {isa = PBXBuildFile; fileRef = F73C37BA1F61134500027289 /* UIView+WJExtension.m */; };
		F73C37BF1F61134500027289 /* CustomerScrollView.m in Sources */ = {isa = PBXBuildFile; fileRef = F73C37BC1F61134500027289 /* CustomerScrollView.m */; };
		F73C37C11F61136400027289 /* funKeyboardData.plist in Resources */ = {isa = PBXBuildFile; fileRef = F73C37C01F61136400027289 /* funKeyboardData.plist */; };
		F73C37C81F61252E00027289 /* JobTableView.m in Sources */ = {isa = PBXBuildFile; fileRef = F73C37C71F61252E00027289 /* JobTableView.m */; };
		F73C37CB1F6125BB00027289 /* JobCell.m in Sources */ = {isa = PBXBuildFile; fileRef = F73C37CA1F6125BB00027289 /* JobCell.m */; };
		F73C37CF1F6129BA00027289 /* HXTagsView.m in Sources */ = {isa = PBXBuildFile; fileRef = F73C37CE1F6129BA00027289 /* HXTagsView.m */; };
		F73C37D21F61362200027289 /* SearchVC.m in Sources */ = {isa = PBXBuildFile; fileRef = F73C37D11F61362200027289 /* SearchVC.m */; };
		F73C37D51F613D1B00027289 /* HotJobCell.m in Sources */ = {isa = PBXBuildFile; fileRef = F73C37D41F613D1B00027289 /* HotJobCell.m */; };
/* End PBXBuildFile section */

/* Begin PBXFileReference section */
		7C157134079D20305100C898 /* Pods-Recruitment.release.xcconfig */ = {isa = PBXFileReference; includeInIndex = 1; lastKnownFileType = text.xcconfig; name = "Pods-Recruitment.release.xcconfig"; path = "Pods/Target Support Files/Pods-Recruitment/Pods-Recruitment.release.xcconfig"; sourceTree = "<group>"; };
		8033F8F664516D663532CDA7 /* Pods-Recruitment.debug.xcconfig */ = {isa = PBXFileReference; includeInIndex = 1; lastKnownFileType = text.xcconfig; name = "Pods-Recruitment.debug.xcconfig"; path = "Pods/Target Support Files/Pods-Recruitment/Pods-Recruitment.debug.xcconfig"; sourceTree = "<group>"; };
		E27941E1587E8AC96BF6F25B /* libPods-Recruitment.a */ = {isa = PBXFileReference; explicitFileType = archive.ar; includeInIndex = 0; path = "libPods-Recruitment.a"; sourceTree = BUILT_PRODUCTS_DIR; };
		F70EF4711F5F7F8E001C65A7 /* Recruitment.app */ = {isa = PBXFileReference; explicitFileType = wrapper.application; includeInIndex = 0; path = Recruitment.app; sourceTree = BUILT_PRODUCTS_DIR; };
		F70EF4751F5F7F8E001C65A7 /* main.m */ = {isa = PBXFileReference; lastKnownFileType = sourcecode.c.objc; path = main.m; sourceTree = "<group>"; };
		F70EF4771F5F7F8E001C65A7 /* AppDelegate.h */ = {isa = PBXFileReference; lastKnownFileType = sourcecode.c.h; path = AppDelegate.h; sourceTree = "<group>"; };
		F70EF4781F5F7F8E001C65A7 /* AppDelegate.m */ = {isa = PBXFileReference; lastKnownFileType = sourcecode.c.objc; path = AppDelegate.m; sourceTree = "<group>"; };
		F70EF47E1F5F7F8E001C65A7 /* Base */ = {isa = PBXFileReference; lastKnownFileType = file.storyboard; name = Base; path = Base.lproj/Main.storyboard; sourceTree = "<group>"; };
		F70EF4801F5F7F8E001C65A7 /* Assets.xcassets */ = {isa = PBXFileReference; lastKnownFileType = folder.assetcatalog; path = Assets.xcassets; sourceTree = "<group>"; };
		F70EF4831F5F7F8E001C65A7 /* Base */ = {isa = PBXFileReference; lastKnownFileType = file.storyboard; name = Base; path = Base.lproj/LaunchScreen.storyboard; sourceTree = "<group>"; };
		F70EF4851F5F7F8E001C65A7 /* Info.plist */ = {isa = PBXFileReference; lastKnownFileType = text.plist.xml; path = Info.plist; sourceTree = "<group>"; };
		F70EF48C1F5F854E001C65A7 /* DefineFile.h */ = {isa = PBXFileReference; fileEncoding = 4; lastKnownFileType = sourcecode.c.h; path = DefineFile.h; sourceTree = "<group>"; };
		F70EF48E1F5F8591001C65A7 /* AFNetworking_RequestData.h */ = {isa = PBXFileReference; fileEncoding = 4; lastKnownFileType = sourcecode.c.h; path = AFNetworking_RequestData.h; sourceTree = "<group>"; };
		F70EF48F1F5F8591001C65A7 /* AFNetworking_RequestData.m */ = {isa = PBXFileReference; fileEncoding = 4; lastKnownFileType = sourcecode.c.objc; path = AFNetworking_RequestData.m; sourceTree = "<group>"; };
		F70EF4D61F5F85E4001C65A7 /* InfoCache.h */ = {isa = PBXFileReference; fileEncoding = 4; lastKnownFileType = sourcecode.c.h; path = InfoCache.h; sourceTree = "<group>"; };
		F70EF4D71F5F85E4001C65A7 /* InfoCache.m */ = {isa = PBXFileReference; fileEncoding = 4; lastKnownFileType = sourcecode.c.objc; path = InfoCache.m; sourceTree = "<group>"; };
		F70EF4DA1F5F85ED001C65A7 /* UIView+Toast.h */ = {isa = PBXFileReference; fileEncoding = 4; lastKnownFileType = sourcecode.c.h; path = "UIView+Toast.h"; sourceTree = "<group>"; };
		F70EF4DB1F5F85ED001C65A7 /* UIView+Toast.m */ = {isa = PBXFileReference; fileEncoding = 4; lastKnownFileType = sourcecode.c.objc; path = "UIView+Toast.m"; sourceTree = "<group>"; };
		F70EF4DE1F5F85F7001C65A7 /* nav-background@2x.png */ = {isa = PBXFileReference; lastKnownFileType = image.png; path = "nav-background@2x.png"; sourceTree = "<group>"; };
		F70EF4DF1F5F85F7001C65A7 /* NSStringExt.h */ = {isa = PBXFileReference; fileEncoding = 4; lastKnownFileType = sourcecode.c.h; path = NSStringExt.h; sourceTree = "<group>"; };
		F70EF4E01F5F85F7001C65A7 /* NSStringExt.m */ = {isa = PBXFileReference; fileEncoding = 4; lastKnownFileType = sourcecode.c.objc; path = NSStringExt.m; sourceTree = "<group>"; };
		F70EF4E41F5F85F7001C65A7 /* UITableView+EmptyData.h */ = {isa = PBXFileReference; fileEncoding = 4; lastKnownFileType = sourcecode.c.h; path = "UITableView+EmptyData.h"; sourceTree = "<group>"; };
		F70EF4E51F5F85F7001C65A7 /* UITableView+EmptyData.m */ = {isa = PBXFileReference; fileEncoding = 4; lastKnownFileType = sourcecode.c.objc; path = "UITableView+EmptyData.m"; sourceTree = "<group>"; };
		F70EF4E61F5F85F7001C65A7 /* UIImage+UIImageExt.h */ = {isa = PBXFileReference; fileEncoding = 4; lastKnownFileType = sourcecode.c.h; path = "UIImage+UIImageExt.h"; sourceTree = "<group>"; };
		F70EF4E71F5F85F7001C65A7 /* UIImage+UIImageExt.m */ = {isa = PBXFileReference; fileEncoding = 4; lastKnownFileType = sourcecode.c.objc; path = "UIImage+UIImageExt.m"; sourceTree = "<group>"; };
		F70EF4E81F5F85F7001C65A7 /* UIViewController+UIViewControllerExt.h */ = {isa = PBXFileReference; fileEncoding = 4; lastKnownFileType = sourcecode.c.h; path = "UIViewController+UIViewControllerExt.h"; sourceTree = "<group>"; };
		F70EF4E91F5F85F7001C65A7 /* UIViewController+UIViewControllerExt.m */ = {isa = PBXFileReference; fileEncoding = 4; lastKnownFileType = sourcecode.c.objc; path = "UIViewController+UIViewControllerExt.m"; sourceTree = "<group>"; };
		F70EF4EA1F5F85F7001C65A7 /* UIViewExt.h */ = {isa = PBXFileReference; fileEncoding = 4; lastKnownFileType = sourcecode.c.h; path = UIViewExt.h; sourceTree = "<group>"; };
		F70EF4EB1F5F85F7001C65A7 /* UIViewExt.m */ = {isa = PBXFileReference; fileEncoding = 4; lastKnownFileType = sourcecode.c.objc; path = UIViewExt.m; sourceTree = "<group>"; };
		F70EF4F41F5F85FE001C65A7 /* UIColor+Expend.h */ = {isa = PBXFileReference; fileEncoding = 4; lastKnownFileType = sourcecode.c.h; path = "UIColor+Expend.h"; sourceTree = "<group>"; };
		F70EF4F51F5F85FE001C65A7 /* UIColor+Expend.m */ = {isa = PBXFileReference; fileEncoding = 4; lastKnownFileType = sourcecode.c.objc; path = "UIColor+Expend.m"; sourceTree = "<group>"; };
		F70EF5001F5F860A001C65A7 /* ZXPUnicode.h */ = {isa = PBXFileReference; fileEncoding = 4; lastKnownFileType = sourcecode.c.h; path = ZXPUnicode.h; sourceTree = "<group>"; };
		F70EF5011F5F860A001C65A7 /* ZXPUnicode.m */ = {isa = PBXFileReference; fileEncoding = 4; lastKnownFileType = sourcecode.c.objc; path = ZXPUnicode.m; sourceTree = "<group>"; };
		F70EF5051F5F8616001C65A7 /* TAAbstractDotView.h */ = {isa = PBXFileReference; fileEncoding = 4; lastKnownFileType = sourcecode.c.h; path = TAAbstractDotView.h; sourceTree = "<group>"; };
		F70EF5061F5F8616001C65A7 /* TAAbstractDotView.m */ = {isa = PBXFileReference; fileEncoding = 4; lastKnownFileType = sourcecode.c.objc; path = TAAbstractDotView.m; sourceTree = "<group>"; };
		F70EF5071F5F8616001C65A7 /* TAAnimatedDotView.h */ = {isa = PBXFileReference; fileEncoding = 4; lastKnownFileType = sourcecode.c.h; path = TAAnimatedDotView.h; sourceTree = "<group>"; };
		F70EF5081F5F8616001C65A7 /* TAAnimatedDotView.m */ = {isa = PBXFileReference; fileEncoding = 4; lastKnownFileType = sourcecode.c.objc; path = TAAnimatedDotView.m; sourceTree = "<group>"; };
		F70EF5091F5F8616001C65A7 /* TADotView.h */ = {isa = PBXFileReference; fileEncoding = 4; lastKnownFileType = sourcecode.c.h; path = TADotView.h; sourceTree = "<group>"; };
		F70EF50A1F5F8616001C65A7 /* TADotView.m */ = {isa = PBXFileReference; fileEncoding = 4; lastKnownFileType = sourcecode.c.objc; path = TADotView.m; sourceTree = "<group>"; };
		F70EF50B1F5F8616001C65A7 /* TAPageControl.h */ = {isa = PBXFileReference; fileEncoding = 4; lastKnownFileType = sourcecode.c.h; path = TAPageControl.h; sourceTree = "<group>"; };
		F70EF50C1F5F8616001C65A7 /* TAPageControl.m */ = {isa = PBXFileReference; fileEncoding = 4; lastKnownFileType = sourcecode.c.objc; path = TAPageControl.m; sourceTree = "<group>"; };
		F70EF50D1F5F8616001C65A7 /* SDCollectionViewCell.h */ = {isa = PBXFileReference; fileEncoding = 4; lastKnownFileType = sourcecode.c.h; path = SDCollectionViewCell.h; sourceTree = "<group>"; };
		F70EF50E1F5F8616001C65A7 /* SDCollectionViewCell.m */ = {isa = PBXFileReference; fileEncoding = 4; lastKnownFileType = sourcecode.c.objc; path = SDCollectionViewCell.m; sourceTree = "<group>"; };
		F70EF50F1F5F8616001C65A7 /* SDCycleScrollView.h */ = {isa = PBXFileReference; fileEncoding = 4; lastKnownFileType = sourcecode.c.h; path = SDCycleScrollView.h; sourceTree = "<group>"; };
		F70EF5101F5F8616001C65A7 /* SDCycleScrollView.m */ = {isa = PBXFileReference; fileEncoding = 4; lastKnownFileType = sourcecode.c.objc; path = SDCycleScrollView.m; sourceTree = "<group>"; };
		F70EF5111F5F8616001C65A7 /* UIView+SDExtension.h */ = {isa = PBXFileReference; fileEncoding = 4; lastKnownFileType = sourcecode.c.h; path = "UIView+SDExtension.h"; sourceTree = "<group>"; };
		F70EF5121F5F8616001C65A7 /* UIView+SDExtension.m */ = {isa = PBXFileReference; fileEncoding = 4; lastKnownFileType = sourcecode.c.objc; path = "UIView+SDExtension.m"; sourceTree = "<group>"; };
		F70EF51B1F5F8631001C65A7 /* RegexTool.h */ = {isa = PBXFileReference; fileEncoding = 4; lastKnownFileType = sourcecode.c.h; path = RegexTool.h; sourceTree = "<group>"; };
		F70EF51C1F5F8631001C65A7 /* RegexTool.m */ = {isa = PBXFileReference; fileEncoding = 4; lastKnownFileType = sourcecode.c.objc; path = RegexTool.m; sourceTree = "<group>"; };
		F70EF51E1F5F875A001C65A7 /* Recruitment.pch */ = {isa = PBXFileReference; fileEncoding = 4; lastKnownFileType = sourcecode.c.h; path = Recruitment.pch; sourceTree = "<group>"; };
		F70EF51F1F5F8770001C65A7 /* RequestUrl.h */ = {isa = PBXFileReference; lastKnownFileType = sourcecode.c.h; path = RequestUrl.h; sourceTree = "<group>"; };
		F70EF5241F5FBA75001C65A7 /* BaseViewController.h */ = {isa = PBXFileReference; fileEncoding = 4; lastKnownFileType = sourcecode.c.h; path = BaseViewController.h; sourceTree = "<group>"; };
		F70EF5251F5FBA75001C65A7 /* BaseViewController.m */ = {isa = PBXFileReference; fileEncoding = 4; lastKnownFileType = sourcecode.c.objc; path = BaseViewController.m; sourceTree = "<group>"; };
		F70EF5271F5FBA7C001C65A7 /* NavigationController.h */ = {isa = PBXFileReference; fileEncoding = 4; lastKnownFileType = sourcecode.c.h; path = NavigationController.h; sourceTree = "<group>"; };
		F70EF5281F5FBA7C001C65A7 /* NavigationController.m */ = {isa = PBXFileReference; fileEncoding = 4; lastKnownFileType = sourcecode.c.objc; path = NavigationController.m; sourceTree = "<group>"; };
		F70EF52A1F5FBAB3001C65A7 /* HomeVC.h */ = {isa = PBXFileReference; fileEncoding = 4; lastKnownFileType = sourcecode.c.h; path = HomeVC.h; sourceTree = "<group>"; };
		F70EF52B1F5FBAB3001C65A7 /* HomeVC.m */ = {isa = PBXFileReference; fileEncoding = 4; lastKnownFileType = sourcecode.c.objc; path = HomeVC.m; sourceTree = "<group>"; };
		F70EF52D1F5FBAC0001C65A7 /* MessageVC.h */ = {isa = PBXFileReference; fileEncoding = 4; lastKnownFileType = sourcecode.c.h; path = MessageVC.h; sourceTree = "<group>"; };
		F70EF52E1F5FBAC0001C65A7 /* MessageVC.m */ = {isa = PBXFileReference; fileEncoding = 4; lastKnownFileType = sourcecode.c.objc; path = MessageVC.m; sourceTree = "<group>"; };
		F70EF5301F5FBAF4001C65A7 /* ResumeVC.h */ = {isa = PBXFileReference; fileEncoding = 4; lastKnownFileType = sourcecode.c.h; path = ResumeVC.h; sourceTree = "<group>"; };
		F70EF5311F5FBAF4001C65A7 /* ResumeVC.m */ = {isa = PBXFileReference; fileEncoding = 4; lastKnownFileType = sourcecode.c.objc; path = ResumeVC.m; sourceTree = "<group>"; };
		F70EF5331F5FBB0E001C65A7 /* PersonalCenterVC.h */ = {isa = PBXFileReference; fileEncoding = 4; lastKnownFileType = sourcecode.c.h; path = PersonalCenterVC.h; sourceTree = "<group>"; };
		F70EF5341F5FBB0E001C65A7 /* PersonalCenterVC.m */ = {isa = PBXFileReference; fileEncoding = 4; lastKnownFileType = sourcecode.c.objc; path = PersonalCenterVC.m; sourceTree = "<group>"; };
		F70EF5361F5FBB4B001C65A7 /* TabBarController.h */ = {isa = PBXFileReference; fileEncoding = 4; lastKnownFileType = sourcecode.c.h; path = TabBarController.h; sourceTree = "<group>"; };
		F70EF5371F5FBB4B001C65A7 /* TabBarController.m */ = {isa = PBXFileReference; fileEncoding = 4; lastKnownFileType = sourcecode.c.objc; path = TabBarController.m; sourceTree = "<group>"; };
		F70EF5391F5FC7E2001C65A7 /* PersonalCell.h */ = {isa = PBXFileReference; fileEncoding = 4; lastKnownFileType = sourcecode.c.h; path = PersonalCell.h; sourceTree = "<group>"; };
		F70EF53A1F5FC7E2001C65A7 /* PersonalCell.m */ = {isa = PBXFileReference; fileEncoding = 4; lastKnownFileType = sourcecode.c.objc; path = PersonalCell.m; sourceTree = "<group>"; };
		F70EF53D1F5FD964001C65A7 /* LoginVC.h */ = {isa = PBXFileReference; fileEncoding = 4; lastKnownFileType = sourcecode.c.h; path = LoginVC.h; sourceTree = "<group>"; };
		F70EF53E1F5FD964001C65A7 /* LoginVC.m */ = {isa = PBXFileReference; fileEncoding = 4; lastKnownFileType = sourcecode.c.objc; path = LoginVC.m; sourceTree = "<group>"; };
		F72FF8B41F62314100E3AA92 /* ApplyJobVC.h */ = {isa = PBXFileReference; fileEncoding = 4; lastKnownFileType = sourcecode.c.h; path = ApplyJobVC.h; sourceTree = "<group>"; };
		F72FF8B51F62314100E3AA92 /* ApplyJobVC.m */ = {isa = PBXFileReference; fileEncoding = 4; lastKnownFileType = sourcecode.c.objc; path = ApplyJobVC.m; sourceTree = "<group>"; };
		F72FF8B71F6234F000E3AA92 /* JobModel.h */ = {isa = PBXFileReference; fileEncoding = 4; lastKnownFileType = sourcecode.c.h; path = JobModel.h; sourceTree = "<group>"; };
		F72FF8B81F6234F000E3AA92 /* JobModel.m */ = {isa = PBXFileReference; fileEncoding = 4; lastKnownFileType = sourcecode.c.objc; path = JobModel.m; sourceTree = "<group>"; };
		F72FF8BA1F625EA600E3AA92 /* JobView.h */ = {isa = PBXFileReference; fileEncoding = 4; lastKnownFileType = sourcecode.c.h; path = JobView.h; sourceTree = "<group>"; };
		F72FF8BB1F625EA600E3AA92 /* JobView.m */ = {isa = PBXFileReference; fileEncoding = 4; lastKnownFileType = sourcecode.c.objc; path = JobView.m; sourceTree = "<group>"; };
		F72FF8BD1F6270BF00E3AA92 /* JobView1.h */ = {isa = PBXFileReference; fileEncoding = 4; lastKnownFileType = sourcecode.c.h; path = JobView1.h; sourceTree = "<group>"; };
		F72FF8BE1F6270BF00E3AA92 /* JobView1.m */ = {isa = PBXFileReference; fileEncoding = 4; lastKnownFileType = sourcecode.c.objc; path = JobView1.m; sourceTree = "<group>"; };
		F72FF8C01F62755C00E3AA92 /* JobDetailVC.h */ = {isa = PBXFileReference; fileEncoding = 4; lastKnownFileType = sourcecode.c.h; path = JobDetailVC.h; sourceTree = "<group>"; };
		F72FF8C11F62755C00E3AA92 /* JobDetailVC.m */ = {isa = PBXFileReference; fileEncoding = 4; lastKnownFileType = sourcecode.c.objc; path = JobDetailVC.m; sourceTree = "<group>"; };
		F72FF8C31F6282EB00E3AA92 /* JobDetailCell.h */ = {isa = PBXFileReference; fileEncoding = 4; lastKnownFileType = sourcecode.c.h; path = JobDetailCell.h; sourceTree = "<group>"; };
		F72FF8C41F6282EB00E3AA92 /* JobDetailCell.m */ = {isa = PBXFileReference; fileEncoding = 4; lastKnownFileType = sourcecode.c.objc; path = JobDetailCell.m; sourceTree = "<group>"; };
		F72FF8C61F628D5C00E3AA92 /* CompanyDetailVC.h */ = {isa = PBXFileReference; fileEncoding = 4; lastKnownFileType = sourcecode.c.h; path = CompanyDetailVC.h; sourceTree = "<group>"; };
		F72FF8C71F628D5C00E3AA92 /* CompanyDetailVC.m */ = {isa = PBXFileReference; fileEncoding = 4; lastKnownFileType = sourcecode.c.objc; path = CompanyDetailVC.m; sourceTree = "<group>"; };
		F73C37AF1F60CF3D00027289 /* RegisterVC.h */ = {isa = PBXFileReference; fileEncoding = 4; lastKnownFileType = sourcecode.c.h; path = RegisterVC.h; sourceTree = "<group>"; };
		F73C37B01F60CF3D00027289 /* RegisterVC.m */ = {isa = PBXFileReference; fileEncoding = 4; lastKnownFileType = sourcecode.c.objc; path = RegisterVC.m; sourceTree = "<group>"; };
		F73C37B21F60EFCA00027289 /* MessageCell.h */ = {isa = PBXFileReference; fileEncoding = 4; lastKnownFileType = sourcecode.c.h; path = MessageCell.h; sourceTree = "<group>"; };
		F73C37B31F60EFCA00027289 /* MessageCell.m */ = {isa = PBXFileReference; fileEncoding = 4; lastKnownFileType = sourcecode.c.objc; path = MessageCell.m; sourceTree = "<group>"; };
		F73C37B71F61134500027289 /* NSString+WJExtension.h */ = {isa = PBXFileReference; fileEncoding = 4; lastKnownFileType = sourcecode.c.h; path = "NSString+WJExtension.h"; sourceTree = "<group>"; };
		F73C37B81F61134500027289 /* NSString+WJExtension.m */ = {isa = PBXFileReference; fileEncoding = 4; lastKnownFileType = sourcecode.c.objc; path = "NSString+WJExtension.m"; sourceTree = "<group>"; };
		F73C37B91F61134500027289 /* UIView+WJExtension.h */ = {isa = PBXFileReference; fileEncoding = 4; lastKnownFileType = sourcecode.c.h; path = "UIView+WJExtension.h"; sourceTree = "<group>"; };
		F73C37BA1F61134500027289 /* UIView+WJExtension.m */ = {isa = PBXFileReference; fileEncoding = 4; lastKnownFileType = sourcecode.c.objc; path = "UIView+WJExtension.m"; sourceTree = "<group>"; };
		F73C37BB1F61134500027289 /* CustomerScrollView.h */ = {isa = PBXFileReference; fileEncoding = 4; lastKnownFileType = sourcecode.c.h; path = CustomerScrollView.h; sourceTree = "<group>"; };
		F73C37BC1F61134500027289 /* CustomerScrollView.m */ = {isa = PBXFileReference; fileEncoding = 4; lastKnownFileType = sourcecode.c.objc; path = CustomerScrollView.m; sourceTree = "<group>"; };
		F73C37C01F61136400027289 /* funKeyboardData.plist */ = {isa = PBXFileReference; fileEncoding = 4; lastKnownFileType = text.plist.xml; path = funKeyboardData.plist; sourceTree = "<group>"; };
		F73C37C61F61252E00027289 /* JobTableView.h */ = {isa = PBXFileReference; fileEncoding = 4; lastKnownFileType = sourcecode.c.h; path = JobTableView.h; sourceTree = "<group>"; };
		F73C37C71F61252E00027289 /* JobTableView.m */ = {isa = PBXFileReference; fileEncoding = 4; lastKnownFileType = sourcecode.c.objc; path = JobTableView.m; sourceTree = "<group>"; };
		F73C37C91F6125BB00027289 /* JobCell.h */ = {isa = PBXFileReference; fileEncoding = 4; lastKnownFileType = sourcecode.c.h; path = JobCell.h; sourceTree = "<group>"; };
		F73C37CA1F6125BB00027289 /* JobCell.m */ = {isa = PBXFileReference; fileEncoding = 4; lastKnownFileType = sourcecode.c.objc; path = JobCell.m; sourceTree = "<group>"; };
		F73C37CD1F6129BA00027289 /* HXTagsView.h */ = {isa = PBXFileReference; fileEncoding = 4; lastKnownFileType = sourcecode.c.h; path = HXTagsView.h; sourceTree = "<group>"; };
		F73C37CE1F6129BA00027289 /* HXTagsView.m */ = {isa = PBXFileReference; fileEncoding = 4; lastKnownFileType = sourcecode.c.objc; path = HXTagsView.m; sourceTree = "<group>"; };
		F73C37D01F61362200027289 /* SearchVC.h */ = {isa = PBXFileReference; fileEncoding = 4; lastKnownFileType = sourcecode.c.h; path = SearchVC.h; sourceTree = "<group>"; };
		F73C37D11F61362200027289 /* SearchVC.m */ = {isa = PBXFileReference; fileEncoding = 4; lastKnownFileType = sourcecode.c.objc; path = SearchVC.m; sourceTree = "<group>"; };
		F73C37D31F613D1B00027289 /* HotJobCell.h */ = {isa = PBXFileReference; fileEncoding = 4; lastKnownFileType = sourcecode.c.h; path = HotJobCell.h; sourceTree = "<group>"; };
		F73C37D41F613D1B00027289 /* HotJobCell.m */ = {isa = PBXFileReference; fileEncoding = 4; lastKnownFileType = sourcecode.c.objc; path = HotJobCell.m; sourceTree = "<group>"; };
/* End PBXFileReference section */

/* Begin PBXFrameworksBuildPhase section */
		F70EF46E1F5F7F8E001C65A7 /* Frameworks */ = {
			isa = PBXFrameworksBuildPhase;
			buildActionMask = 2147483647;
			files = (
				5945D95BFF5ABC906AC8BCE4 /* libPods-Recruitment.a in Frameworks */,
			);
			runOnlyForDeploymentPostprocessing = 0;
		};
/* End PBXFrameworksBuildPhase section */

/* Begin PBXGroup section */
		4D7DEA0FA3240142039EA962 /* Frameworks */ = {
			isa = PBXGroup;
			children = (
				E27941E1587E8AC96BF6F25B /* libPods-Recruitment.a */,
			);
			name = Frameworks;
			sourceTree = "<group>";
		};
		8E2AE4274354581E41BFB169 /* Pods */ = {
			isa = PBXGroup;
			children = (
				8033F8F664516D663532CDA7 /* Pods-Recruitment.debug.xcconfig */,
				7C157134079D20305100C898 /* Pods-Recruitment.release.xcconfig */,
			);
			name = Pods;
			sourceTree = "<group>";
		};
		F70EF4681F5F7F8E001C65A7 = {
			isa = PBXGroup;
			children = (
				F70EF4731F5F7F8E001C65A7 /* Recruitment */,
				F70EF4721F5F7F8E001C65A7 /* Products */,
				8E2AE4274354581E41BFB169 /* Pods */,
				4D7DEA0FA3240142039EA962 /* Frameworks */,
			);
			sourceTree = "<group>";
		};
		F70EF4721F5F7F8E001C65A7 /* Products */ = {
			isa = PBXGroup;
			children = (
				F70EF4711F5F7F8E001C65A7 /* Recruitment.app */,
			);
			name = Products;
			sourceTree = "<group>";
		};
		F70EF4731F5F7F8E001C65A7 /* Recruitment */ = {
			isa = PBXGroup;
			children = (
				F70EF48D1F5F8591001C65A7 /* AFNetworking_RequestData */,
				F70EF4911F5F85B7001C65A7 /* Thirdparty */,
				F73C37B51F61130300027289 /* CustomClass */,
				F70EF4771F5F7F8E001C65A7 /* AppDelegate.h */,
				F70EF4781F5F7F8E001C65A7 /* AppDelegate.m */,
				F70EF5271F5FBA7C001C65A7 /* NavigationController.h */,
				F70EF5281F5FBA7C001C65A7 /* NavigationController.m */,
				F70EF5241F5FBA75001C65A7 /* BaseViewController.h */,
				F70EF5251F5FBA75001C65A7 /* BaseViewController.m */,
				F70EF5361F5FBB4B001C65A7 /* TabBarController.h */,
				F70EF5371F5FBB4B001C65A7 /* TabBarController.m */,
				F70EF5231F5FB9EB001C65A7 /* 首页 */,
				F70EF5221F5FB9E8001C65A7 /* 消息 */,
				F70EF5211F5FB9E6001C65A7 /* 简历 */,
				F70EF53C1F5FD944001C65A7 /* 登录注册 */,
				F70EF5201F5FB9E3001C65A7 /* 我的 */,
				F70EF47D1F5F7F8E001C65A7 /* Main.storyboard */,
				F70EF4801F5F7F8E001C65A7 /* Assets.xcassets */,
				F70EF4821F5F7F8E001C65A7 /* LaunchScreen.storyboard */,
				F70EF4851F5F7F8E001C65A7 /* Info.plist */,
				F70EF4741F5F7F8E001C65A7 /* Supporting Files */,
			);
			path = Recruitment;
			sourceTree = "<group>";
		};
		F70EF4741F5F7F8E001C65A7 /* Supporting Files */ = {
			isa = PBXGroup;
			children = (
				F70EF4751F5F7F8E001C65A7 /* main.m */,
				F70EF48C1F5F854E001C65A7 /* DefineFile.h */,
				F70EF51F1F5F8770001C65A7 /* RequestUrl.h */,
				F70EF51E1F5F875A001C65A7 /* Recruitment.pch */,
			);
			name = "Supporting Files";
			sourceTree = "<group>";
		};
		F70EF48D1F5F8591001C65A7 /* AFNetworking_RequestData */ = {
			isa = PBXGroup;
			children = (
				F70EF48E1F5F8591001C65A7 /* AFNetworking_RequestData.h */,
				F70EF48F1F5F8591001C65A7 /* AFNetworking_RequestData.m */,
			);
			path = AFNetworking_RequestData;
			sourceTree = "<group>";
		};
		F70EF4911F5F85B7001C65A7 /* Thirdparty */ = {
			isa = PBXGroup;
			children = (
				F73C37CC1F6129BA00027289 /* 标签 */,
				F70EF51A1F5F862A001C65A7 /* RegexTool */,
				F70EF5031F5F8616001C65A7 /* SDCycleScrollView */,
				F70EF4FF1F5F860A001C65A7 /* ZXPUnicode */,
				F70EF4F31F5F85FE001C65A7 /* UIColorEx */,
				F70EF4DD1F5F85F7001C65A7 /* Tools */,
				F70EF4D91F5F85ED001C65A7 /* Toast */,
				F70EF4D51F5F85E4001C65A7 /* InfoCache */,
			);
			path = Thirdparty;
			sourceTree = "<group>";
		};
		F70EF4D51F5F85E4001C65A7 /* InfoCache */ = {
			isa = PBXGroup;
			children = (
				F70EF4D61F5F85E4001C65A7 /* InfoCache.h */,
				F70EF4D71F5F85E4001C65A7 /* InfoCache.m */,
			);
			path = InfoCache;
			sourceTree = "<group>";
		};
		F70EF4D91F5F85ED001C65A7 /* Toast */ = {
			isa = PBXGroup;
			children = (
				F70EF4DA1F5F85ED001C65A7 /* UIView+Toast.h */,
				F70EF4DB1F5F85ED001C65A7 /* UIView+Toast.m */,
			);
			path = Toast;
			sourceTree = "<group>";
		};
		F70EF4DD1F5F85F7001C65A7 /* Tools */ = {
			isa = PBXGroup;
			children = (
				F70EF4DE1F5F85F7001C65A7 /* nav-background@2x.png */,
				F70EF4DF1F5F85F7001C65A7 /* NSStringExt.h */,
				F70EF4E01F5F85F7001C65A7 /* NSStringExt.m */,
				F70EF4E11F5F85F7001C65A7 /* TableView+Gategory */,
				F70EF4E61F5F85F7001C65A7 /* UIImage+UIImageExt.h */,
				F70EF4E71F5F85F7001C65A7 /* UIImage+UIImageExt.m */,
				F70EF4E81F5F85F7001C65A7 /* UIViewController+UIViewControllerExt.h */,
				F70EF4E91F5F85F7001C65A7 /* UIViewController+UIViewControllerExt.m */,
				F70EF4EA1F5F85F7001C65A7 /* UIViewExt.h */,
				F70EF4EB1F5F85F7001C65A7 /* UIViewExt.m */,
			);
			path = Tools;
			sourceTree = "<group>";
		};
		F70EF4E11F5F85F7001C65A7 /* TableView+Gategory */ = {
			isa = PBXGroup;
			children = (
				F70EF4E41F5F85F7001C65A7 /* UITableView+EmptyData.h */,
				F70EF4E51F5F85F7001C65A7 /* UITableView+EmptyData.m */,
			);
			path = "TableView+Gategory";
			sourceTree = "<group>";
		};
		F70EF4F31F5F85FE001C65A7 /* UIColorEx */ = {
			isa = PBXGroup;
			children = (
				F70EF4F41F5F85FE001C65A7 /* UIColor+Expend.h */,
				F70EF4F51F5F85FE001C65A7 /* UIColor+Expend.m */,
			);
			path = UIColorEx;
			sourceTree = "<group>";
		};
		F70EF4FF1F5F860A001C65A7 /* ZXPUnicode */ = {
			isa = PBXGroup;
			children = (
				F70EF5001F5F860A001C65A7 /* ZXPUnicode.h */,
				F70EF5011F5F860A001C65A7 /* ZXPUnicode.m */,
			);
			path = ZXPUnicode;
			sourceTree = "<group>";
		};
		F70EF5031F5F8616001C65A7 /* SDCycleScrollView */ = {
			isa = PBXGroup;
			children = (
				F70EF5041F5F8616001C65A7 /* PageControl */,
				F70EF50D1F5F8616001C65A7 /* SDCollectionViewCell.h */,
				F70EF50E1F5F8616001C65A7 /* SDCollectionViewCell.m */,
				F70EF50F1F5F8616001C65A7 /* SDCycleScrollView.h */,
				F70EF5101F5F8616001C65A7 /* SDCycleScrollView.m */,
				F70EF5111F5F8616001C65A7 /* UIView+SDExtension.h */,
				F70EF5121F5F8616001C65A7 /* UIView+SDExtension.m */,
			);
			path = SDCycleScrollView;
			sourceTree = "<group>";
		};
		F70EF5041F5F8616001C65A7 /* PageControl */ = {
			isa = PBXGroup;
			children = (
				F70EF5051F5F8616001C65A7 /* TAAbstractDotView.h */,
				F70EF5061F5F8616001C65A7 /* TAAbstractDotView.m */,
				F70EF5071F5F8616001C65A7 /* TAAnimatedDotView.h */,
				F70EF5081F5F8616001C65A7 /* TAAnimatedDotView.m */,
				F70EF5091F5F8616001C65A7 /* TADotView.h */,
				F70EF50A1F5F8616001C65A7 /* TADotView.m */,
				F70EF50B1F5F8616001C65A7 /* TAPageControl.h */,
				F70EF50C1F5F8616001C65A7 /* TAPageControl.m */,
			);
			path = PageControl;
			sourceTree = "<group>";
		};
		F70EF51A1F5F862A001C65A7 /* RegexTool */ = {
			isa = PBXGroup;
			children = (
				F70EF51B1F5F8631001C65A7 /* RegexTool.h */,
				F70EF51C1F5F8631001C65A7 /* RegexTool.m */,
			);
			path = RegexTool;
			sourceTree = "<group>";
		};
		F70EF5201F5FB9E3001C65A7 /* 我的 */ = {
			isa = PBXGroup;
			children = (
				F70EF5331F5FBB0E001C65A7 /* PersonalCenterVC.h */,
				F70EF5341F5FBB0E001C65A7 /* PersonalCenterVC.m */,
				F70EF5391F5FC7E2001C65A7 /* PersonalCell.h */,
				F70EF53A1F5FC7E2001C65A7 /* PersonalCell.m */,
			);
			name = "我的";
			sourceTree = "<group>";
		};
		F70EF5211F5FB9E6001C65A7 /* 简历 */ = {
			isa = PBXGroup;
			children = (
				F70EF5301F5FBAF4001C65A7 /* ResumeVC.h */,
				F70EF5311F5FBAF4001C65A7 /* ResumeVC.m */,
			);
			name = "简历";
			sourceTree = "<group>";
		};
		F70EF5221F5FB9E8001C65A7 /* 消息 */ = {
			isa = PBXGroup;
			children = (
				F70EF52D1F5FBAC0001C65A7 /* MessageVC.h */,
				F70EF52E1F5FBAC0001C65A7 /* MessageVC.m */,
				F73C37B21F60EFCA00027289 /* MessageCell.h */,
				F73C37B31F60EFCA00027289 /* MessageCell.m */,
			);
			name = "消息";
			sourceTree = "<group>";
		};
		F70EF5231F5FB9EB001C65A7 /* 首页 */ = {
			isa = PBXGroup;
			children = (
				F73C37C51F6124C700027289 /* Controller */,
				F73C37C41F6124C500027289 /* View */,
				F73C37C31F6124C200027289 /* Model */,
			);
			name = "首页";
			sourceTree = "<group>";
		};
		F70EF53C1F5FD944001C65A7 /* 登录注册 */ = {
			isa = PBXGroup;
			children = (
				F70EF53D1F5FD964001C65A7 /* LoginVC.h */,
				F70EF53E1F5FD964001C65A7 /* LoginVC.m */,
				F73C37AF1F60CF3D00027289 /* RegisterVC.h */,
				F73C37B01F60CF3D00027289 /* RegisterVC.m */,
			);
			name = "登录注册";
			sourceTree = "<group>";
		};
		F73C37B51F61130300027289 /* CustomClass */ = {
			isa = PBXGroup;
			children = (
				F73C37B61F61132C00027289 /* Lib */,
			);
			name = CustomClass;
			sourceTree = "<group>";
		};
		F73C37B61F61132C00027289 /* Lib */ = {
			isa = PBXGroup;
			children = (
				F73C37C01F61136400027289 /* funKeyboardData.plist */,
				F73C37B71F61134500027289 /* NSString+WJExtension.h */,
				F73C37B81F61134500027289 /* NSString+WJExtension.m */,
				F73C37B91F61134500027289 /* UIView+WJExtension.h */,
				F73C37BA1F61134500027289 /* UIView+WJExtension.m */,
				F73C37BB1F61134500027289 /* CustomerScrollView.h */,
				F73C37BC1F61134500027289 /* CustomerScrollView.m */,
			);
			path = Lib;
			sourceTree = "<group>";
		};
		F73C37C31F6124C200027289 /* Model */ = {
			isa = PBXGroup;
			children = (
				F72FF8B71F6234F000E3AA92 /* JobModel.h */,
				F72FF8B81F6234F000E3AA92 /* JobModel.m */,
			);
			name = Model;
			sourceTree = "<group>";
		};
		F73C37C41F6124C500027289 /* View */ = {
			isa = PBXGroup;
			children = (
				F73C37C61F61252E00027289 /* JobTableView.h */,
				F73C37C71F61252E00027289 /* JobTableView.m */,
				F73C37C91F6125BB00027289 /* JobCell.h */,
				F73C37CA1F6125BB00027289 /* JobCell.m */,
				F73C37D31F613D1B00027289 /* HotJobCell.h */,
				F73C37D41F613D1B00027289 /* HotJobCell.m */,
				F72FF8BA1F625EA600E3AA92 /* JobView.h */,
				F72FF8BB1F625EA600E3AA92 /* JobView.m */,
				F72FF8BD1F6270BF00E3AA92 /* JobView1.h */,
				F72FF8BE1F6270BF00E3AA92 /* JobView1.m */,
				F72FF8C31F6282EB00E3AA92 /* JobDetailCell.h */,
				F72FF8C41F6282EB00E3AA92 /* JobDetailCell.m */,
			);
			name = View;
			sourceTree = "<group>";
		};
		F73C37C51F6124C700027289 /* Controller */ = {
			isa = PBXGroup;
			children = (
				F70EF52A1F5FBAB3001C65A7 /* HomeVC.h */,
				F70EF52B1F5FBAB3001C65A7 /* HomeVC.m */,
				F73C37D01F61362200027289 /* SearchVC.h */,
				F73C37D11F61362200027289 /* SearchVC.m */,
				F72FF8B41F62314100E3AA92 /* ApplyJobVC.h */,
				F72FF8B51F62314100E3AA92 /* ApplyJobVC.m */,
				F72FF8C01F62755C00E3AA92 /* JobDetailVC.h */,
				F72FF8C11F62755C00E3AA92 /* JobDetailVC.m */,
				F72FF8C61F628D5C00E3AA92 /* CompanyDetailVC.h */,
				F72FF8C71F628D5C00E3AA92 /* CompanyDetailVC.m */,
			);
			name = Controller;
			sourceTree = "<group>";
		};
		F73C37CC1F6129BA00027289 /* 标签 */ = {
			isa = PBXGroup;
			children = (
				F73C37CD1F6129BA00027289 /* HXTagsView.h */,
				F73C37CE1F6129BA00027289 /* HXTagsView.m */,
			);
			path = "标签";
			sourceTree = "<group>";
		};
/* End PBXGroup section */

/* Begin PBXNativeTarget section */
		F70EF4701F5F7F8E001C65A7 /* Recruitment */ = {
			isa = PBXNativeTarget;
			buildConfigurationList = F70EF4881F5F7F8E001C65A7 /* Build configuration list for PBXNativeTarget "Recruitment" */;
			buildPhases = (
				85B1E14BEA0263471FA8ED27 /* [CP] Check Pods Manifest.lock */,
				F70EF46D1F5F7F8E001C65A7 /* Sources */,
				F70EF46E1F5F7F8E001C65A7 /* Frameworks */,
				F70EF46F1F5F7F8E001C65A7 /* Resources */,
				332B29387268A57C29F9190B /* [CP] Embed Pods Frameworks */,
				CDE17D08CEA03850C2BEE519 /* [CP] Copy Pods Resources */,
			);
			buildRules = (
			);
			dependencies = (
			);
			name = Recruitment;
			productName = Recruitment;
			productReference = F70EF4711F5F7F8E001C65A7 /* Recruitment.app */;
			productType = "com.apple.product-type.application";
		};
/* End PBXNativeTarget section */

/* Begin PBXProject section */
		F70EF4691F5F7F8E001C65A7 /* Project object */ = {
			isa = PBXProject;
			attributes = {
				LastUpgradeCheck = 0830;
				ORGANIZATIONNAME = ZhangWeiLiang;
				TargetAttributes = {
					F70EF4701F5F7F8E001C65A7 = {
						CreatedOnToolsVersion = 8.3.2;
						DevelopmentTeam = D59VU3JG9L;
						ProvisioningStyle = Automatic;
					};
				};
			};
			buildConfigurationList = F70EF46C1F5F7F8E001C65A7 /* Build configuration list for PBXProject "Recruitment" */;
			compatibilityVersion = "Xcode 3.2";
			developmentRegion = English;
			hasScannedForEncodings = 0;
			knownRegions = (
				en,
				Base,
			);
			mainGroup = F70EF4681F5F7F8E001C65A7;
			productRefGroup = F70EF4721F5F7F8E001C65A7 /* Products */;
			projectDirPath = "";
			projectRoot = "";
			targets = (
				F70EF4701F5F7F8E001C65A7 /* Recruitment */,
			);
		};
/* End PBXProject section */

/* Begin PBXResourcesBuildPhase section */
		F70EF46F1F5F7F8E001C65A7 /* Resources */ = {
			isa = PBXResourcesBuildPhase;
			buildActionMask = 2147483647;
			files = (
				F70EF4841F5F7F8E001C65A7 /* LaunchScreen.storyboard in Resources */,
				F70EF4811F5F7F8E001C65A7 /* Assets.xcassets in Resources */,
				F70EF47F1F5F7F8E001C65A7 /* Main.storyboard in Resources */,
				F73C37C11F61136400027289 /* funKeyboardData.plist in Resources */,
				F70EF4EC1F5F85F7001C65A7 /* nav-background@2x.png in Resources */,
			);
			runOnlyForDeploymentPostprocessing = 0;
		};
/* End PBXResourcesBuildPhase section */

/* Begin PBXShellScriptBuildPhase section */
		332B29387268A57C29F9190B /* [CP] Embed Pods Frameworks */ = {
			isa = PBXShellScriptBuildPhase;
			buildActionMask = 2147483647;
			files = (
			);
			inputPaths = (
			);
			name = "[CP] Embed Pods Frameworks";
			outputPaths = (
			);
			runOnlyForDeploymentPostprocessing = 0;
			shellPath = /bin/sh;
			shellScript = "\"${SRCROOT}/Pods/Target Support Files/Pods-Recruitment/Pods-Recruitment-frameworks.sh\"\n";
			showEnvVarsInLog = 0;
		};
		85B1E14BEA0263471FA8ED27 /* [CP] Check Pods Manifest.lock */ = {
			isa = PBXShellScriptBuildPhase;
			buildActionMask = 2147483647;
			files = (
			);
			inputPaths = (
			);
			name = "[CP] Check Pods Manifest.lock";
			outputPaths = (
			);
			runOnlyForDeploymentPostprocessing = 0;
			shellPath = /bin/sh;
			shellScript = "diff \"${PODS_PODFILE_DIR_PATH}/Podfile.lock\" \"${PODS_ROOT}/Manifest.lock\" > /dev/null\nif [ $? != 0 ] ; then\n    # print error to STDERR\n    echo \"error: The sandbox is not in sync with the Podfile.lock. Run 'pod install' or update your CocoaPods installation.\" >&2\n    exit 1\nfi\n";
			showEnvVarsInLog = 0;
		};
		CDE17D08CEA03850C2BEE519 /* [CP] Copy Pods Resources */ = {
			isa = PBXShellScriptBuildPhase;
			buildActionMask = 2147483647;
			files = (
			);
			inputPaths = (
			);
			name = "[CP] Copy Pods Resources";
			outputPaths = (
			);
			runOnlyForDeploymentPostprocessing = 0;
			shellPath = /bin/sh;
			shellScript = "\"${SRCROOT}/Pods/Target Support Files/Pods-Recruitment/Pods-Recruitment-resources.sh\"\n";
			showEnvVarsInLog = 0;
		};
/* End PBXShellScriptBuildPhase section */

/* Begin PBXSourcesBuildPhase section */
		F70EF46D1F5F7F8E001C65A7 /* Sources */ = {
			isa = PBXSourcesBuildPhase;
			buildActionMask = 2147483647;
			files = (
				F73C37BE1F61134500027289 /* UIView+WJExtension.m in Sources */,
				F72FF8C81F628D5C00E3AA92 /* CompanyDetailVC.m in Sources */,
				F72FF8B61F62314100E3AA92 /* ApplyJobVC.m in Sources */,
				F73C37BF1F61134500027289 /* CustomerScrollView.m in Sources */,
				F73C37C81F61252E00027289 /* JobTableView.m in Sources */,
				F72FF8B91F6234F000E3AA92 /* JobModel.m in Sources */,
				F70EF51D1F5F8631001C65A7 /* RegexTool.m in Sources */,
				F70EF53F1F5FD964001C65A7 /* LoginVC.m in Sources */,
				F72FF8C21F62755C00E3AA92 /* JobDetailVC.m in Sources */,
				F72FF8C51F6282EB00E3AA92 /* JobDetailCell.m in Sources */,
				F70EF4DC1F5F85ED001C65A7 /* UIView+Toast.m in Sources */,
				F70EF5191F5F8616001C65A7 /* UIView+SDExtension.m in Sources */,
				F70EF5381F5FBB4B001C65A7 /* TabBarController.m in Sources */,
				F70EF5021F5F860A001C65A7 /* ZXPUnicode.m in Sources */,
				F70EF52C1F5FBAB3001C65A7 /* HomeVC.m in Sources */,
				F70EF5181F5F8616001C65A7 /* SDCycleScrollView.m in Sources */,
				F70EF4ED1F5F85F7001C65A7 /* NSStringExt.m in Sources */,
				F70EF5321F5FBAF4001C65A7 /* ResumeVC.m in Sources */,
				F70EF53B1F5FC7E2001C65A7 /* PersonalCell.m in Sources */,
				F70EF4D81F5F85E4001C65A7 /* InfoCache.m in Sources */,
				F73C37B41F60EFCA00027289 /* MessageCell.m in Sources */,
				F70EF4F21F5F85F7001C65A7 /* UIViewExt.m in Sources */,
				F72FF8BF1F6270BF00E3AA92 /* JobView1.m in Sources */,
				F70EF5131F5F8616001C65A7 /* TAAbstractDotView.m in Sources */,
				F70EF4F11F5F85F7001C65A7 /* UIViewController+UIViewControllerExt.m in Sources */,
				F70EF5171F5F8616001C65A7 /* SDCollectionViewCell.m in Sources */,
				F70EF4791F5F7F8E001C65A7 /* AppDelegate.m in Sources */,
				F73C37BD1F61134500027289 /* NSString+WJExtension.m in Sources */,
				F70EF4F61F5F85FE001C65A7 /* UIColor+Expend.m in Sources */,
				F70EF4F01F5F85F7001C65A7 /* UIImage+UIImageExt.m in Sources */,
				F73C37D21F61362200027289 /* SearchVC.m in Sources */,
				F70EF5151F5F8616001C65A7 /* TADotView.m in Sources */,
				F70EF5351F5FBB0E001C65A7 /* PersonalCenterVC.m in Sources */,
				F73C37CF1F6129BA00027289 /* HXTagsView.m in Sources */,
				F70EF5161F5F8616001C65A7 /* TAPageControl.m in Sources */,
				F70EF5141F5F8616001C65A7 /* TAAnimatedDotView.m in Sources */,
				F73C37D51F613D1B00027289 /* HotJobCell.m in Sources */,
				F70EF4901F5F8591001C65A7 /* AFNetworking_RequestData.m in Sources */,
				F72FF8BC1F625EA600E3AA92 /* JobView.m in Sources */,
				F70EF4761F5F7F8E001C65A7 /* main.m in Sources */,
				F70EF52F1F5FBAC0001C65A7 /* MessageVC.m in Sources */,
				F73C37CB1F6125BB00027289 /* JobCell.m in Sources */,
				F70EF5291F5FBA7C001C65A7 /* NavigationController.m in Sources */,
				F73C37B11F60CF3D00027289 /* RegisterVC.m in Sources */,
				F70EF5261F5FBA75001C65A7 /* BaseViewController.m in Sources */,
				F70EF4EF1F5F85F7001C65A7 /* UITableView+EmptyData.m in Sources */,
			);
			runOnlyForDeploymentPostprocessing = 0;
		};
/* End PBXSourcesBuildPhase section */

/* Begin PBXVariantGroup section */
		F70EF47D1F5F7F8E001C65A7 /* Main.storyboard */ = {
			isa = PBXVariantGroup;
			children = (
				F70EF47E1F5F7F8E001C65A7 /* Base */,
			);
			name = Main.storyboard;
			sourceTree = "<group>";
		};
		F70EF4821F5F7F8E001C65A7 /* LaunchScreen.storyboard */ = {
			isa = PBXVariantGroup;
			children = (
				F70EF4831F5F7F8E001C65A7 /* Base */,
			);
			name = LaunchScreen.storyboard;
			sourceTree = "<group>";
		};
/* End PBXVariantGroup section */

/* Begin XCBuildConfiguration section */
		F70EF4861F5F7F8E001C65A7 /* Debug */ = {
			isa = XCBuildConfiguration;
			buildSettings = {
				ALWAYS_SEARCH_USER_PATHS = NO;
				CLANG_ANALYZER_NONNULL = YES;
				CLANG_ANALYZER_NUMBER_OBJECT_CONVERSION = YES_AGGRESSIVE;
				CLANG_CXX_LANGUAGE_STANDARD = "gnu++0x";
				CLANG_CXX_LIBRARY = "libc++";
				CLANG_ENABLE_MODULES = YES;
				CLANG_ENABLE_OBJC_ARC = YES;
				CLANG_WARN_BOOL_CONVERSION = YES;
				CLANG_WARN_CONSTANT_CONVERSION = YES;
				CLANG_WARN_DIRECT_OBJC_ISA_USAGE = YES_ERROR;
				CLANG_WARN_DOCUMENTATION_COMMENTS = YES;
				CLANG_WARN_EMPTY_BODY = YES;
				CLANG_WARN_ENUM_CONVERSION = YES;
				CLANG_WARN_INFINITE_RECURSION = YES;
				CLANG_WARN_INT_CONVERSION = YES;
				CLANG_WARN_OBJC_ROOT_CLASS = YES_ERROR;
				CLANG_WARN_SUSPICIOUS_MOVE = YES;
				CLANG_WARN_UNREACHABLE_CODE = YES;
				CLANG_WARN__DUPLICATE_METHOD_MATCH = YES;
				"CODE_SIGN_IDENTITY[sdk=iphoneos*]" = "iPhone Developer";
				COPY_PHASE_STRIP = NO;
				DEBUG_INFORMATION_FORMAT = dwarf;
				ENABLE_STRICT_OBJC_MSGSEND = YES;
				ENABLE_TESTABILITY = YES;
				GCC_C_LANGUAGE_STANDARD = gnu99;
				GCC_DYNAMIC_NO_PIC = NO;
				GCC_NO_COMMON_BLOCKS = YES;
				GCC_OPTIMIZATION_LEVEL = 0;
				GCC_PREPROCESSOR_DEFINITIONS = (
					"DEBUG=1",
					"$(inherited)",
				);
				GCC_WARN_64_TO_32_BIT_CONVERSION = YES;
				GCC_WARN_ABOUT_RETURN_TYPE = YES_ERROR;
				GCC_WARN_UNDECLARED_SELECTOR = YES;
				GCC_WARN_UNINITIALIZED_AUTOS = YES_AGGRESSIVE;
				GCC_WARN_UNUSED_FUNCTION = YES;
				GCC_WARN_UNUSED_VARIABLE = YES;
				IPHONEOS_DEPLOYMENT_TARGET = 10.3;
				MTL_ENABLE_DEBUG_INFO = YES;
				ONLY_ACTIVE_ARCH = YES;
				SDKROOT = iphoneos;
				TARGETED_DEVICE_FAMILY = "1,2";
			};
			name = Debug;
		};
		F70EF4871F5F7F8E001C65A7 /* Release */ = {
			isa = XCBuildConfiguration;
			buildSettings = {
				ALWAYS_SEARCH_USER_PATHS = NO;
				CLANG_ANALYZER_NONNULL = YES;
				CLANG_ANALYZER_NUMBER_OBJECT_CONVERSION = YES_AGGRESSIVE;
				CLANG_CXX_LANGUAGE_STANDARD = "gnu++0x";
				CLANG_CXX_LIBRARY = "libc++";
				CLANG_ENABLE_MODULES = YES;
				CLANG_ENABLE_OBJC_ARC = YES;
				CLANG_WARN_BOOL_CONVERSION = YES;
				CLANG_WARN_CONSTANT_CONVERSION = YES;
				CLANG_WARN_DIRECT_OBJC_ISA_USAGE = YES_ERROR;
				CLANG_WARN_DOCUMENTATION_COMMENTS = YES;
				CLANG_WARN_EMPTY_BODY = YES;
				CLANG_WARN_ENUM_CONVERSION = YES;
				CLANG_WARN_INFINITE_RECURSION = YES;
				CLANG_WARN_INT_CONVERSION = YES;
				CLANG_WARN_OBJC_ROOT_CLASS = YES_ERROR;
				CLANG_WARN_SUSPICIOUS_MOVE = YES;
				CLANG_WARN_UNREACHABLE_CODE = YES;
				CLANG_WARN__DUPLICATE_METHOD_MATCH = YES;
				"CODE_SIGN_IDENTITY[sdk=iphoneos*]" = "iPhone Developer";
				COPY_PHASE_STRIP = NO;
				DEBUG_INFORMATION_FORMAT = "dwarf-with-dsym";
				ENABLE_NS_ASSERTIONS = NO;
				ENABLE_STRICT_OBJC_MSGSEND = YES;
				GCC_C_LANGUAGE_STANDARD = gnu99;
				GCC_NO_COMMON_BLOCKS = YES;
				GCC_WARN_64_TO_32_BIT_CONVERSION = YES;
				GCC_WARN_ABOUT_RETURN_TYPE = YES_ERROR;
				GCC_WARN_UNDECLARED_SELECTOR = YES;
				GCC_WARN_UNINITIALIZED_AUTOS = YES_AGGRESSIVE;
				GCC_WARN_UNUSED_FUNCTION = YES;
				GCC_WARN_UNUSED_VARIABLE = YES;
				IPHONEOS_DEPLOYMENT_TARGET = 10.3;
				MTL_ENABLE_DEBUG_INFO = NO;
				SDKROOT = iphoneos;
				TARGETED_DEVICE_FAMILY = "1,2";
				VALIDATE_PRODUCT = YES;
			};
			name = Release;
		};
		F70EF4891F5F7F8E001C65A7 /* Debug */ = {
			isa = XCBuildConfiguration;
			baseConfigurationReference = 8033F8F664516D663532CDA7 /* Pods-Recruitment.debug.xcconfig */;
			buildSettings = {
				ASSETCATALOG_COMPILER_APPICON_NAME = AppIcon;
				DEVELOPMENT_TEAM = D59VU3JG9L;
				GCC_PRECOMPILE_PREFIX_HEADER = YES;
				GCC_PREFIX_HEADER = "$(SRCROOT)/Recruitment/Recruitment.pch";
				INFOPLIST_FILE = Recruitment/Info.plist;
				IPHONEOS_DEPLOYMENT_TARGET = 8.0;
				LD_RUNPATH_SEARCH_PATHS = "$(inherited) @executable_path/Frameworks";
				PRODUCT_BUNDLE_IDENTIFIER = com.HongHu.Recruitment;
				PRODUCT_NAME = "$(TARGET_NAME)";
			};
			name = Debug;
		};
		F70EF48A1F5F7F8E001C65A7 /* Release */ = {
			isa = XCBuildConfiguration;
			baseConfigurationReference = 7C157134079D20305100C898 /* Pods-Recruitment.release.xcconfig */;
			buildSettings = {
				ASSETCATALOG_COMPILER_APPICON_NAME = AppIcon;
				DEVELOPMENT_TEAM = D59VU3JG9L;
				GCC_PRECOMPILE_PREFIX_HEADER = YES;
				GCC_PREFIX_HEADER = "$(SRCROOT)/Recruitment/Recruitment.pch";
				INFOPLIST_FILE = Recruitment/Info.plist;
				IPHONEOS_DEPLOYMENT_TARGET = 8.0;
				LD_RUNPATH_SEARCH_PATHS = "$(inherited) @executable_path/Frameworks";
				PRODUCT_BUNDLE_IDENTIFIER = com.HongHu.Recruitment;
				PRODUCT_NAME = "$(TARGET_NAME)";
			};
			name = Release;
		};
/* End XCBuildConfiguration section */

/* Begin XCConfigurationList section */
		F70EF46C1F5F7F8E001C65A7 /* Build configuration list for PBXProject "Recruitment" */ = {
			isa = XCConfigurationList;
			buildConfigurations = (
				F70EF4861F5F7F8E001C65A7 /* Debug */,
				F70EF4871F5F7F8E001C65A7 /* Release */,
			);
			defaultConfigurationIsVisible = 0;
			defaultConfigurationName = Release;
		};
		F70EF4881F5F7F8E001C65A7 /* Build configuration list for PBXNativeTarget "Recruitment" */ = {
			isa = XCConfigurationList;
			buildConfigurations = (
				F70EF4891F5F7F8E001C65A7 /* Debug */,
				F70EF48A1F5F7F8E001C65A7 /* Release */,
			);
			defaultConfigurationIsVisible = 0;
			defaultConfigurationName = Release;
		};
/* End XCConfigurationList section */
	};
	rootObject = F70EF4691F5F7F8E001C65A7 /* Project object */;
}
