// !$*UTF8*$!
{
	archiveVersion = 1;
	classes = {
	};
	objectVersion = 46;
	objects = {

/* Begin PBXBuildFile section */
		5945D95BFF5ABC906AC8BCE4 /* libPods-Recruitment.a in Frameworks */ = {isa = PBXBuildFile; fileRef = E27941E1587E8AC96BF6F25B /* libPods-Recruitment.a */; };
		F70EF4761F5F7F8E001C65A7 /* main.m in Sources */ = {isa = PBXBuildFile; fileRef = F70EF4751F5F7F8E001C65A7 /* main.m */; };
		F70EF4791F5F7F8E001C65A7 /* AppDelegate.m in Sources */ = {isa = PBXBuildFile; fileRef = F70EF4781F5F7F8E001C65A7 /* AppDelegate.m */; };
		F70EF47C1F5F7F8E001C65A7 /* ViewController.m in Sources */ = {isa = PBXBuildFile; fileRef = F70EF47B1F5F7F8E001C65A7 /* ViewController.m */; };
		F70EF47F1F5F7F8E001C65A7 /* Main.storyboard in Resources */ = {isa = PBXBuildFile; fileRef = F70EF47D1F5F7F8E001C65A7 /* Main.storyboard */; };
		F70EF4811F5F7F8E001C65A7 /* Assets.xcassets in Resources */ = {isa = PBXBuildFile; fileRef = F70EF4801F5F7F8E001C65A7 /* Assets.xcassets */; };
		F70EF4841F5F7F8E001C65A7 /* LaunchScreen.storyboard in Resources */ = {isa = PBXBuildFile; fileRef = F70EF4821F5F7F8E001C65A7 /* LaunchScreen.storyboard */; };
		F70EF4901F5F8591001C65A7 /* AFNetworking_RequestData.m in Sources */ = {isa = PBXBuildFile; fileRef = F70EF48F1F5F8591001C65A7 /* AFNetworking_RequestData.m */; };
		F70EF4C11F5F85DB001C65A7 /* MJRefreshAutoFooter.m in Sources */ = {isa = PBXBuildFile; fileRef = F70EF4951F5F85DB001C65A7 /* MJRefreshAutoFooter.m */; };
		F70EF4C21F5F85DB001C65A7 /* MJRefreshBackFooter.m in Sources */ = {isa = PBXBuildFile; fileRef = F70EF4971F5F85DB001C65A7 /* MJRefreshBackFooter.m */; };
		F70EF4C31F5F85DB001C65A7 /* MJRefreshComponent.m in Sources */ = {isa = PBXBuildFile; fileRef = F70EF4991F5F85DB001C65A7 /* MJRefreshComponent.m */; };
		F70EF4C41F5F85DB001C65A7 /* MJRefreshFooter.m in Sources */ = {isa = PBXBuildFile; fileRef = F70EF49B1F5F85DB001C65A7 /* MJRefreshFooter.m */; };
		F70EF4C51F5F85DB001C65A7 /* MJRefreshHeader.m in Sources */ = {isa = PBXBuildFile; fileRef = F70EF49D1F5F85DB001C65A7 /* MJRefreshHeader.m */; };
		F70EF4C61F5F85DB001C65A7 /* MJRefreshAutoGifFooter.m in Sources */ = {isa = PBXBuildFile; fileRef = F70EF4A21F5F85DB001C65A7 /* MJRefreshAutoGifFooter.m */; };
		F70EF4C71F5F85DB001C65A7 /* MJRefreshAutoNormalFooter.m in Sources */ = {isa = PBXBuildFile; fileRef = F70EF4A41F5F85DB001C65A7 /* MJRefreshAutoNormalFooter.m */; };
		F70EF4C81F5F85DB001C65A7 /* MJRefreshAutoStateFooter.m in Sources */ = {isa = PBXBuildFile; fileRef = F70EF4A61F5F85DB001C65A7 /* MJRefreshAutoStateFooter.m */; };
		F70EF4C91F5F85DB001C65A7 /* MJRefreshBackGifFooter.m in Sources */ = {isa = PBXBuildFile; fileRef = F70EF4A91F5F85DB001C65A7 /* MJRefreshBackGifFooter.m */; };
		F70EF4CA1F5F85DB001C65A7 /* MJRefreshBackNormalFooter.m in Sources */ = {isa = PBXBuildFile; fileRef = F70EF4AB1F5F85DB001C65A7 /* MJRefreshBackNormalFooter.m */; };
		F70EF4CB1F5F85DB001C65A7 /* MJRefreshBackStateFooter.m in Sources */ = {isa = PBXBuildFile; fileRef = F70EF4AD1F5F85DB001C65A7 /* MJRefreshBackStateFooter.m */; };
		F70EF4CC1F5F85DB001C65A7 /* MJRefreshGifHeader.m in Sources */ = {isa = PBXBuildFile; fileRef = F70EF4B01F5F85DB001C65A7 /* MJRefreshGifHeader.m */; };
		F70EF4CD1F5F85DB001C65A7 /* MJRefreshNormalHeader.m in Sources */ = {isa = PBXBuildFile; fileRef = F70EF4B21F5F85DB001C65A7 /* MJRefreshNormalHeader.m */; };
		F70EF4CE1F5F85DB001C65A7 /* MJRefreshStateHeader.m in Sources */ = {isa = PBXBuildFile; fileRef = F70EF4B41F5F85DB001C65A7 /* MJRefreshStateHeader.m */; };
		F70EF4CF1F5F85DB001C65A7 /* MJRefresh.bundle in Resources */ = {isa = PBXBuildFile; fileRef = F70EF4B51F5F85DB001C65A7 /* MJRefresh.bundle */; };
		F70EF4D01F5F85DB001C65A7 /* MJRefreshConst.m in Sources */ = {isa = PBXBuildFile; fileRef = F70EF4B81F5F85DB001C65A7 /* MJRefreshConst.m */; };
		F70EF4D11F5F85DB001C65A7 /* NSBundle+MJRefresh.m in Sources */ = {isa = PBXBuildFile; fileRef = F70EF4BA1F5F85DB001C65A7 /* NSBundle+MJRefresh.m */; };
		F70EF4D21F5F85DB001C65A7 /* UIScrollView+MJExtension.m in Sources */ = {isa = PBXBuildFile; fileRef = F70EF4BC1F5F85DB001C65A7 /* UIScrollView+MJExtension.m */; };
		F70EF4D31F5F85DB001C65A7 /* UIScrollView+MJRefresh.m in Sources */ = {isa = PBXBuildFile; fileRef = F70EF4BE1F5F85DB001C65A7 /* UIScrollView+MJRefresh.m */; };
		F70EF4D41F5F85DB001C65A7 /* UIView+MJExtension.m in Sources */ = {isa = PBXBuildFile; fileRef = F70EF4C01F5F85DB001C65A7 /* UIView+MJExtension.m */; };
		F70EF4D81F5F85E4001C65A7 /* InfoCache.m in Sources */ = {isa = PBXBuildFile; fileRef = F70EF4D71F5F85E4001C65A7 /* InfoCache.m */; };
		F70EF4DC1F5F85ED001C65A7 /* UIView+Toast.m in Sources */ = {isa = PBXBuildFile; fileRef = F70EF4DB1F5F85ED001C65A7 /* UIView+Toast.m */; };
		F70EF4EC1F5F85F7001C65A7 /* nav-background@2x.png in Resources */ = {isa = PBXBuildFile; fileRef = F70EF4DE1F5F85F7001C65A7 /* nav-background@2x.png */; };
		F70EF4ED1F5F85F7001C65A7 /* NSStringExt.m in Sources */ = {isa = PBXBuildFile; fileRef = F70EF4E01F5F85F7001C65A7 /* NSStringExt.m */; };
		F70EF4EE1F5F85F7001C65A7 /* LZQTimerLabel.m in Sources */ = {isa = PBXBuildFile; fileRef = F70EF4E31F5F85F7001C65A7 /* LZQTimerLabel.m */; };
		F70EF4EF1F5F85F7001C65A7 /* UITableView+EmptyData.m in Sources */ = {isa = PBXBuildFile; fileRef = F70EF4E51F5F85F7001C65A7 /* UITableView+EmptyData.m */; };
		F70EF4F01F5F85F7001C65A7 /* UIImage+UIImageExt.m in Sources */ = {isa = PBXBuildFile; fileRef = F70EF4E71F5F85F7001C65A7 /* UIImage+UIImageExt.m */; };
		F70EF4F11F5F85F7001C65A7 /* UIViewController+UIViewControllerExt.m in Sources */ = {isa = PBXBuildFile; fileRef = F70EF4E91F5F85F7001C65A7 /* UIViewController+UIViewControllerExt.m */; };
		F70EF4F21F5F85F7001C65A7 /* UIViewExt.m in Sources */ = {isa = PBXBuildFile; fileRef = F70EF4EB1F5F85F7001C65A7 /* UIViewExt.m */; };
		F70EF4F61F5F85FE001C65A7 /* UIColor+Expend.m in Sources */ = {isa = PBXBuildFile; fileRef = F70EF4F51F5F85FE001C65A7 /* UIColor+Expend.m */; };
		F70EF4FD1F5F8603001C65A7 /* NSObject+YYModel.m in Sources */ = {isa = PBXBuildFile; fileRef = F70EF4F91F5F8603001C65A7 /* NSObject+YYModel.m */; };
		F70EF4FE1F5F8603001C65A7 /* YYClassInfo.m in Sources */ = {isa = PBXBuildFile; fileRef = F70EF4FB1F5F8603001C65A7 /* YYClassInfo.m */; };
		F70EF5021F5F860A001C65A7 /* ZXPUnicode.m in Sources */ = {isa = PBXBuildFile; fileRef = F70EF5011F5F860A001C65A7 /* ZXPUnicode.m */; };
		F70EF5131F5F8616001C65A7 /* TAAbstractDotView.m in Sources */ = {isa = PBXBuildFile; fileRef = F70EF5061F5F8616001C65A7 /* TAAbstractDotView.m */; };
		F70EF5141F5F8616001C65A7 /* TAAnimatedDotView.m in Sources */ = {isa = PBXBuildFile; fileRef = F70EF5081F5F8616001C65A7 /* TAAnimatedDotView.m */; };
		F70EF5151F5F8616001C65A7 /* TADotView.m in Sources */ = {isa = PBXBuildFile; fileRef = F70EF50A1F5F8616001C65A7 /* TADotView.m */; };
		F70EF5161F5F8616001C65A7 /* TAPageControl.m in Sources */ = {isa = PBXBuildFile; fileRef = F70EF50C1F5F8616001C65A7 /* TAPageControl.m */; };
		F70EF5171F5F8616001C65A7 /* SDCollectionViewCell.m in Sources */ = {isa = PBXBuildFile; fileRef = F70EF50E1F5F8616001C65A7 /* SDCollectionViewCell.m */; };
		F70EF5181F5F8616001C65A7 /* SDCycleScrollView.m in Sources */ = {isa = PBXBuildFile; fileRef = F70EF5101F5F8616001C65A7 /* SDCycleScrollView.m */; };
		F70EF5191F5F8616001C65A7 /* UIView+SDExtension.m in Sources */ = {isa = PBXBuildFile; fileRef = F70EF5121F5F8616001C65A7 /* UIView+SDExtension.m */; };
		F70EF51D1F5F8631001C65A7 /* RegexTool.m in Sources */ = {isa = PBXBuildFile; fileRef = F70EF51C1F5F8631001C65A7 /* RegexTool.m */; };
/* End PBXBuildFile section */

/* Begin PBXFileReference section */
		7C157134079D20305100C898 /* Pods-Recruitment.release.xcconfig */ = {isa = PBXFileReference; includeInIndex = 1; lastKnownFileType = text.xcconfig; name = "Pods-Recruitment.release.xcconfig"; path = "Pods/Target Support Files/Pods-Recruitment/Pods-Recruitment.release.xcconfig"; sourceTree = "<group>"; };
		8033F8F664516D663532CDA7 /* Pods-Recruitment.debug.xcconfig */ = {isa = PBXFileReference; includeInIndex = 1; lastKnownFileType = text.xcconfig; name = "Pods-Recruitment.debug.xcconfig"; path = "Pods/Target Support Files/Pods-Recruitment/Pods-Recruitment.debug.xcconfig"; sourceTree = "<group>"; };
		E27941E1587E8AC96BF6F25B /* libPods-Recruitment.a */ = {isa = PBXFileReference; explicitFileType = archive.ar; includeInIndex = 0; path = "libPods-Recruitment.a"; sourceTree = BUILT_PRODUCTS_DIR; };
		F70EF4711F5F7F8E001C65A7 /* Recruitment.app */ = {isa = PBXFileReference; explicitFileType = wrapper.application; includeInIndex = 0; path = Recruitment.app; sourceTree = BUILT_PRODUCTS_DIR; };
		F70EF4751F5F7F8E001C65A7 /* main.m */ = {isa = PBXFileReference; lastKnownFileType = sourcecode.c.objc; path = main.m; sourceTree = "<group>"; };
		F70EF4771F5F7F8E001C65A7 /* AppDelegate.h */ = {isa = PBXFileReference; lastKnownFileType = sourcecode.c.h; path = AppDelegate.h; sourceTree = "<group>"; };
		F70EF4781F5F7F8E001C65A7 /* AppDelegate.m */ = {isa = PBXFileReference; lastKnownFileType = sourcecode.c.objc; path = AppDelegate.m; sourceTree = "<group>"; };
		F70EF47A1F5F7F8E001C65A7 /* ViewController.h */ = {isa = PBXFileReference; lastKnownFileType = sourcecode.c.h; path = ViewController.h; sourceTree = "<group>"; };
		F70EF47B1F5F7F8E001C65A7 /* ViewController.m */ = {isa = PBXFileReference; lastKnownFileType = sourcecode.c.objc; path = ViewController.m; sourceTree = "<group>"; };
		F70EF47E1F5F7F8E001C65A7 /* Base */ = {isa = PBXFileReference; lastKnownFileType = file.storyboard; name = Base; path = Base.lproj/Main.storyboard; sourceTree = "<group>"; };
		F70EF4801F5F7F8E001C65A7 /* Assets.xcassets */ = {isa = PBXFileReference; lastKnownFileType = folder.assetcatalog; path = Assets.xcassets; sourceTree = "<group>"; };
		F70EF4831F5F7F8E001C65A7 /* Base */ = {isa = PBXFileReference; lastKnownFileType = file.storyboard; name = Base; path = Base.lproj/LaunchScreen.storyboard; sourceTree = "<group>"; };
		F70EF4851F5F7F8E001C65A7 /* Info.plist */ = {isa = PBXFileReference; lastKnownFileType = text.plist.xml; path = Info.plist; sourceTree = "<group>"; };
		F70EF48C1F5F854E001C65A7 /* DefineFile.h */ = {isa = PBXFileReference; fileEncoding = 4; lastKnownFileType = sourcecode.c.h; path = DefineFile.h; sourceTree = "<group>"; };
		F70EF48E1F5F8591001C65A7 /* AFNetworking_RequestData.h */ = {isa = PBXFileReference; fileEncoding = 4; lastKnownFileType = sourcecode.c.h; path = AFNetworking_RequestData.h; sourceTree = "<group>"; };
		F70EF48F1F5F8591001C65A7 /* AFNetworking_RequestData.m */ = {isa = PBXFileReference; fileEncoding = 4; lastKnownFileType = sourcecode.c.objc; path = AFNetworking_RequestData.m; sourceTree = "<group>"; };
		F70EF4941F5F85DB001C65A7 /* MJRefreshAutoFooter.h */ = {isa = PBXFileReference; fileEncoding = 4; lastKnownFileType = sourcecode.c.h; path = MJRefreshAutoFooter.h; sourceTree = "<group>"; };
		F70EF4951F5F85DB001C65A7 /* MJRefreshAutoFooter.m */ = {isa = PBXFileReference; fileEncoding = 4; lastKnownFileType = sourcecode.c.objc; path = MJRefreshAutoFooter.m; sourceTree = "<group>"; };
		F70EF4961F5F85DB001C65A7 /* MJRefreshBackFooter.h */ = {isa = PBXFileReference; fileEncoding = 4; lastKnownFileType = sourcecode.c.h; path = MJRefreshBackFooter.h; sourceTree = "<group>"; };
		F70EF4971F5F85DB001C65A7 /* MJRefreshBackFooter.m */ = {isa = PBXFileReference; fileEncoding = 4; lastKnownFileType = sourcecode.c.objc; path = MJRefreshBackFooter.m; sourceTree = "<group>"; };
		F70EF4981F5F85DB001C65A7 /* MJRefreshComponent.h */ = {isa = PBXFileReference; fileEncoding = 4; lastKnownFileType = sourcecode.c.h; path = MJRefreshComponent.h; sourceTree = "<group>"; };
		F70EF4991F5F85DB001C65A7 /* MJRefreshComponent.m */ = {isa = PBXFileReference; fileEncoding = 4; lastKnownFileType = sourcecode.c.objc; path = MJRefreshComponent.m; sourceTree = "<group>"; };
		F70EF49A1F5F85DB001C65A7 /* MJRefreshFooter.h */ = {isa = PBXFileReference; fileEncoding = 4; lastKnownFileType = sourcecode.c.h; path = MJRefreshFooter.h; sourceTree = "<group>"; };
		F70EF49B1F5F85DB001C65A7 /* MJRefreshFooter.m */ = {isa = PBXFileReference; fileEncoding = 4; lastKnownFileType = sourcecode.c.objc; path = MJRefreshFooter.m; sourceTree = "<group>"; };
		F70EF49C1F5F85DB001C65A7 /* MJRefreshHeader.h */ = {isa = PBXFileReference; fileEncoding = 4; lastKnownFileType = sourcecode.c.h; path = MJRefreshHeader.h; sourceTree = "<group>"; };
		F70EF49D1F5F85DB001C65A7 /* MJRefreshHeader.m */ = {isa = PBXFileReference; fileEncoding = 4; lastKnownFileType = sourcecode.c.objc; path = MJRefreshHeader.m; sourceTree = "<group>"; };
		F70EF4A11F5F85DB001C65A7 /* MJRefreshAutoGifFooter.h */ = {isa = PBXFileReference; fileEncoding = 4; lastKnownFileType = sourcecode.c.h; path = MJRefreshAutoGifFooter.h; sourceTree = "<group>"; };
		F70EF4A21F5F85DB001C65A7 /* MJRefreshAutoGifFooter.m */ = {isa = PBXFileReference; fileEncoding = 4; lastKnownFileType = sourcecode.c.objc; path = MJRefreshAutoGifFooter.m; sourceTree = "<group>"; };
		F70EF4A31F5F85DB001C65A7 /* MJRefreshAutoNormalFooter.h */ = {isa = PBXFileReference; fileEncoding = 4; lastKnownFileType = sourcecode.c.h; path = MJRefreshAutoNormalFooter.h; sourceTree = "<group>"; };
		F70EF4A41F5F85DB001C65A7 /* MJRefreshAutoNormalFooter.m */ = {isa = PBXFileReference; fileEncoding = 4; lastKnownFileType = sourcecode.c.objc; path = MJRefreshAutoNormalFooter.m; sourceTree = "<group>"; };
		F70EF4A51F5F85DB001C65A7 /* MJRefreshAutoStateFooter.h */ = {isa = PBXFileReference; fileEncoding = 4; lastKnownFileType = sourcecode.c.h; path = MJRefreshAutoStateFooter.h; sourceTree = "<group>"; };
		F70EF4A61F5F85DB001C65A7 /* MJRefreshAutoStateFooter.m */ = {isa = PBXFileReference; fileEncoding = 4; lastKnownFileType = sourcecode.c.objc; path = MJRefreshAutoStateFooter.m; sourceTree = "<group>"; };
		F70EF4A81F5F85DB001C65A7 /* MJRefreshBackGifFooter.h */ = {isa = PBXFileReference; fileEncoding = 4; lastKnownFileType = sourcecode.c.h; path = MJRefreshBackGifFooter.h; sourceTree = "<group>"; };
		F70EF4A91F5F85DB001C65A7 /* MJRefreshBackGifFooter.m */ = {isa = PBXFileReference; fileEncoding = 4; lastKnownFileType = sourcecode.c.objc; path = MJRefreshBackGifFooter.m; sourceTree = "<group>"; };
		F70EF4AA1F5F85DB001C65A7 /* MJRefreshBackNormalFooter.h */ = {isa = PBXFileReference; fileEncoding = 4; lastKnownFileType = sourcecode.c.h; path = MJRefreshBackNormalFooter.h; sourceTree = "<group>"; };
		F70EF4AB1F5F85DB001C65A7 /* MJRefreshBackNormalFooter.m */ = {isa = PBXFileReference; fileEncoding = 4; lastKnownFileType = sourcecode.c.objc; path = MJRefreshBackNormalFooter.m; sourceTree = "<group>"; };
		F70EF4AC1F5F85DB001C65A7 /* MJRefreshBackStateFooter.h */ = {isa = PBXFileReference; fileEncoding = 4; lastKnownFileType = sourcecode.c.h; path = MJRefreshBackStateFooter.h; sourceTree = "<group>"; };
		F70EF4AD1F5F85DB001C65A7 /* MJRefreshBackStateFooter.m */ = {isa = PBXFileReference; fileEncoding = 4; lastKnownFileType = sourcecode.c.objc; path = MJRefreshBackStateFooter.m; sourceTree = "<group>"; };
		F70EF4AF1F5F85DB001C65A7 /* MJRefreshGifHeader.h */ = {isa = PBXFileReference; fileEncoding = 4; lastKnownFileType = sourcecode.c.h; path = MJRefreshGifHeader.h; sourceTree = "<group>"; };
		F70EF4B01F5F85DB001C65A7 /* MJRefreshGifHeader.m */ = {isa = PBXFileReference; fileEncoding = 4; lastKnownFileType = sourcecode.c.objc; path = MJRefreshGifHeader.m; sourceTree = "<group>"; };
		F70EF4B11F5F85DB001C65A7 /* MJRefreshNormalHeader.h */ = {isa = PBXFileReference; fileEncoding = 4; lastKnownFileType = sourcecode.c.h; path = MJRefreshNormalHeader.h; sourceTree = "<group>"; };
		F70EF4B21F5F85DB001C65A7 /* MJRefreshNormalHeader.m */ = {isa = PBXFileReference; fileEncoding = 4; lastKnownFileType = sourcecode.c.objc; path = MJRefreshNormalHeader.m; sourceTree = "<group>"; };
		F70EF4B31F5F85DB001C65A7 /* MJRefreshStateHeader.h */ = {isa = PBXFileReference; fileEncoding = 4; lastKnownFileType = sourcecode.c.h; path = MJRefreshStateHeader.h; sourceTree = "<group>"; };
		F70EF4B41F5F85DB001C65A7 /* MJRefreshStateHeader.m */ = {isa = PBXFileReference; fileEncoding = 4; lastKnownFileType = sourcecode.c.objc; path = MJRefreshStateHeader.m; sourceTree = "<group>"; };
		F70EF4B51F5F85DB001C65A7 /* MJRefresh.bundle */ = {isa = PBXFileReference; lastKnownFileType = "wrapper.plug-in"; path = MJRefresh.bundle; sourceTree = "<group>"; };
		F70EF4B61F5F85DB001C65A7 /* MJRefresh.h */ = {isa = PBXFileReference; fileEncoding = 4; lastKnownFileType = sourcecode.c.h; path = MJRefresh.h; sourceTree = "<group>"; };
		F70EF4B71F5F85DB001C65A7 /* MJRefreshConst.h */ = {isa = PBXFileReference; fileEncoding = 4; lastKnownFileType = sourcecode.c.h; path = MJRefreshConst.h; sourceTree = "<group>"; };
		F70EF4B81F5F85DB001C65A7 /* MJRefreshConst.m */ = {isa = PBXFileReference; fileEncoding = 4; lastKnownFileType = sourcecode.c.objc; path = MJRefreshConst.m; sourceTree = "<group>"; };
		F70EF4B91F5F85DB001C65A7 /* NSBundle+MJRefresh.h */ = {isa = PBXFileReference; fileEncoding = 4; lastKnownFileType = sourcecode.c.h; path = "NSBundle+MJRefresh.h"; sourceTree = "<group>"; };
		F70EF4BA1F5F85DB001C65A7 /* NSBundle+MJRefresh.m */ = {isa = PBXFileReference; fileEncoding = 4; lastKnownFileType = sourcecode.c.objc; path = "NSBundle+MJRefresh.m"; sourceTree = "<group>"; };
		F70EF4BB1F5F85DB001C65A7 /* UIScrollView+MJExtension.h */ = {isa = PBXFileReference; fileEncoding = 4; lastKnownFileType = sourcecode.c.h; path = "UIScrollView+MJExtension.h"; sourceTree = "<group>"; };
		F70EF4BC1F5F85DB001C65A7 /* UIScrollView+MJExtension.m */ = {isa = PBXFileReference; fileEncoding = 4; lastKnownFileType = sourcecode.c.objc; path = "UIScrollView+MJExtension.m"; sourceTree = "<group>"; };
		F70EF4BD1F5F85DB001C65A7 /* UIScrollView+MJRefresh.h */ = {isa = PBXFileReference; fileEncoding = 4; lastKnownFileType = sourcecode.c.h; path = "UIScrollView+MJRefresh.h"; sourceTree = "<group>"; };
		F70EF4BE1F5F85DB001C65A7 /* UIScrollView+MJRefresh.m */ = {isa = PBXFileReference; fileEncoding = 4; lastKnownFileType = sourcecode.c.objc; path = "UIScrollView+MJRefresh.m"; sourceTree = "<group>"; };
		F70EF4BF1F5F85DB001C65A7 /* UIView+MJExtension.h */ = {isa = PBXFileReference; fileEncoding = 4; lastKnownFileType = sourcecode.c.h; path = "UIView+MJExtension.h"; sourceTree = "<group>"; };
		F70EF4C01F5F85DB001C65A7 /* UIView+MJExtension.m */ = {isa = PBXFileReference; fileEncoding = 4; lastKnownFileType = sourcecode.c.objc; path = "UIView+MJExtension.m"; sourceTree = "<group>"; };
		F70EF4D61F5F85E4001C65A7 /* InfoCache.h */ = {isa = PBXFileReference; fileEncoding = 4; lastKnownFileType = sourcecode.c.h; path = InfoCache.h; sourceTree = "<group>"; };
		F70EF4D71F5F85E4001C65A7 /* InfoCache.m */ = {isa = PBXFileReference; fileEncoding = 4; lastKnownFileType = sourcecode.c.objc; path = InfoCache.m; sourceTree = "<group>"; };
		F70EF4DA1F5F85ED001C65A7 /* UIView+Toast.h */ = {isa = PBXFileReference; fileEncoding = 4; lastKnownFileType = sourcecode.c.h; path = "UIView+Toast.h"; sourceTree = "<group>"; };
		F70EF4DB1F5F85ED001C65A7 /* UIView+Toast.m */ = {isa = PBXFileReference; fileEncoding = 4; lastKnownFileType = sourcecode.c.objc; path = "UIView+Toast.m"; sourceTree = "<group>"; };
		F70EF4DE1F5F85F7001C65A7 /* nav-background@2x.png */ = {isa = PBXFileReference; lastKnownFileType = image.png; path = "nav-background@2x.png"; sourceTree = "<group>"; };
		F70EF4DF1F5F85F7001C65A7 /* NSStringExt.h */ = {isa = PBXFileReference; fileEncoding = 4; lastKnownFileType = sourcecode.c.h; path = NSStringExt.h; sourceTree = "<group>"; };
		F70EF4E01F5F85F7001C65A7 /* NSStringExt.m */ = {isa = PBXFileReference; fileEncoding = 4; lastKnownFileType = sourcecode.c.objc; path = NSStringExt.m; sourceTree = "<group>"; };
		F70EF4E21F5F85F7001C65A7 /* LZQTimerLabel.h */ = {isa = PBXFileReference; fileEncoding = 4; lastKnownFileType = sourcecode.c.h; path = LZQTimerLabel.h; sourceTree = "<group>"; };
		F70EF4E31F5F85F7001C65A7 /* LZQTimerLabel.m */ = {isa = PBXFileReference; fileEncoding = 4; lastKnownFileType = sourcecode.c.objc; path = LZQTimerLabel.m; sourceTree = "<group>"; };
		F70EF4E41F5F85F7001C65A7 /* UITableView+EmptyData.h */ = {isa = PBXFileReference; fileEncoding = 4; lastKnownFileType = sourcecode.c.h; path = "UITableView+EmptyData.h"; sourceTree = "<group>"; };
		F70EF4E51F5F85F7001C65A7 /* UITableView+EmptyData.m */ = {isa = PBXFileReference; fileEncoding = 4; lastKnownFileType = sourcecode.c.objc; path = "UITableView+EmptyData.m"; sourceTree = "<group>"; };
		F70EF4E61F5F85F7001C65A7 /* UIImage+UIImageExt.h */ = {isa = PBXFileReference; fileEncoding = 4; lastKnownFileType = sourcecode.c.h; path = "UIImage+UIImageExt.h"; sourceTree = "<group>"; };
		F70EF4E71F5F85F7001C65A7 /* UIImage+UIImageExt.m */ = {isa = PBXFileReference; fileEncoding = 4; lastKnownFileType = sourcecode.c.objc; path = "UIImage+UIImageExt.m"; sourceTree = "<group>"; };
		F70EF4E81F5F85F7001C65A7 /* UIViewController+UIViewControllerExt.h */ = {isa = PBXFileReference; fileEncoding = 4; lastKnownFileType = sourcecode.c.h; path = "UIViewController+UIViewControllerExt.h"; sourceTree = "<group>"; };
		F70EF4E91F5F85F7001C65A7 /* UIViewController+UIViewControllerExt.m */ = {isa = PBXFileReference; fileEncoding = 4; lastKnownFileType = sourcecode.c.objc; path = "UIViewController+UIViewControllerExt.m"; sourceTree = "<group>"; };
		F70EF4EA1F5F85F7001C65A7 /* UIViewExt.h */ = {isa = PBXFileReference; fileEncoding = 4; lastKnownFileType = sourcecode.c.h; path = UIViewExt.h; sourceTree = "<group>"; };
		F70EF4EB1F5F85F7001C65A7 /* UIViewExt.m */ = {isa = PBXFileReference; fileEncoding = 4; lastKnownFileType = sourcecode.c.objc; path = UIViewExt.m; sourceTree = "<group>"; };
		F70EF4F41F5F85FE001C65A7 /* UIColor+Expend.h */ = {isa = PBXFileReference; fileEncoding = 4; lastKnownFileType = sourcecode.c.h; path = "UIColor+Expend.h"; sourceTree = "<group>"; };
		F70EF4F51F5F85FE001C65A7 /* UIColor+Expend.m */ = {isa = PBXFileReference; fileEncoding = 4; lastKnownFileType = sourcecode.c.objc; path = "UIColor+Expend.m"; sourceTree = "<group>"; };
		F70EF4F81F5F8603001C65A7 /* NSObject+YYModel.h */ = {isa = PBXFileReference; fileEncoding = 4; lastKnownFileType = sourcecode.c.h; path = "NSObject+YYModel.h"; sourceTree = "<group>"; };
		F70EF4F91F5F8603001C65A7 /* NSObject+YYModel.m */ = {isa = PBXFileReference; fileEncoding = 4; lastKnownFileType = sourcecode.c.objc; path = "NSObject+YYModel.m"; sourceTree = "<group>"; };
		F70EF4FA1F5F8603001C65A7 /* YYClassInfo.h */ = {isa = PBXFileReference; fileEncoding = 4; lastKnownFileType = sourcecode.c.h; path = YYClassInfo.h; sourceTree = "<group>"; };
		F70EF4FB1F5F8603001C65A7 /* YYClassInfo.m */ = {isa = PBXFileReference; fileEncoding = 4; lastKnownFileType = sourcecode.c.objc; path = YYClassInfo.m; sourceTree = "<group>"; };
		F70EF4FC1F5F8603001C65A7 /* YYModel.h */ = {isa = PBXFileReference; fileEncoding = 4; lastKnownFileType = sourcecode.c.h; path = YYModel.h; sourceTree = "<group>"; };
		F70EF5001F5F860A001C65A7 /* ZXPUnicode.h */ = {isa = PBXFileReference; fileEncoding = 4; lastKnownFileType = sourcecode.c.h; path = ZXPUnicode.h; sourceTree = "<group>"; };
		F70EF5011F5F860A001C65A7 /* ZXPUnicode.m */ = {isa = PBXFileReference; fileEncoding = 4; lastKnownFileType = sourcecode.c.objc; path = ZXPUnicode.m; sourceTree = "<group>"; };
		F70EF5051F5F8616001C65A7 /* TAAbstractDotView.h */ = {isa = PBXFileReference; fileEncoding = 4; lastKnownFileType = sourcecode.c.h; path = TAAbstractDotView.h; sourceTree = "<group>"; };
		F70EF5061F5F8616001C65A7 /* TAAbstractDotView.m */ = {isa = PBXFileReference; fileEncoding = 4; lastKnownFileType = sourcecode.c.objc; path = TAAbstractDotView.m; sourceTree = "<group>"; };
		F70EF5071F5F8616001C65A7 /* TAAnimatedDotView.h */ = {isa = PBXFileReference; fileEncoding = 4; lastKnownFileType = sourcecode.c.h; path = TAAnimatedDotView.h; sourceTree = "<group>"; };
		F70EF5081F5F8616001C65A7 /* TAAnimatedDotView.m */ = {isa = PBXFileReference; fileEncoding = 4; lastKnownFileType = sourcecode.c.objc; path = TAAnimatedDotView.m; sourceTree = "<group>"; };
		F70EF5091F5F8616001C65A7 /* TADotView.h */ = {isa = PBXFileReference; fileEncoding = 4; lastKnownFileType = sourcecode.c.h; path = TADotView.h; sourceTree = "<group>"; };
		F70EF50A1F5F8616001C65A7 /* TADotView.m */ = {isa = PBXFileReference; fileEncoding = 4; lastKnownFileType = sourcecode.c.objc; path = TADotView.m; sourceTree = "<group>"; };
		F70EF50B1F5F8616001C65A7 /* TAPageControl.h */ = {isa = PBXFileReference; fileEncoding = 4; lastKnownFileType = sourcecode.c.h; path = TAPageControl.h; sourceTree = "<group>"; };
		F70EF50C1F5F8616001C65A7 /* TAPageControl.m */ = {isa = PBXFileReference; fileEncoding = 4; lastKnownFileType = sourcecode.c.objc; path = TAPageControl.m; sourceTree = "<group>"; };
		F70EF50D1F5F8616001C65A7 /* SDCollectionViewCell.h */ = {isa = PBXFileReference; fileEncoding = 4; lastKnownFileType = sourcecode.c.h; path = SDCollectionViewCell.h; sourceTree = "<group>"; };
		F70EF50E1F5F8616001C65A7 /* SDCollectionViewCell.m */ = {isa = PBXFileReference; fileEncoding = 4; lastKnownFileType = sourcecode.c.objc; path = SDCollectionViewCell.m; sourceTree = "<group>"; };
		F70EF50F1F5F8616001C65A7 /* SDCycleScrollView.h */ = {isa = PBXFileReference; fileEncoding = 4; lastKnownFileType = sourcecode.c.h; path = SDCycleScrollView.h; sourceTree = "<group>"; };
		F70EF5101F5F8616001C65A7 /* SDCycleScrollView.m */ = {isa = PBXFileReference; fileEncoding = 4; lastKnownFileType = sourcecode.c.objc; path = SDCycleScrollView.m; sourceTree = "<group>"; };
		F70EF5111F5F8616001C65A7 /* UIView+SDExtension.h */ = {isa = PBXFileReference; fileEncoding = 4; lastKnownFileType = sourcecode.c.h; path = "UIView+SDExtension.h"; sourceTree = "<group>"; };
		F70EF5121F5F8616001C65A7 /* UIView+SDExtension.m */ = {isa = PBXFileReference; fileEncoding = 4; lastKnownFileType = sourcecode.c.objc; path = "UIView+SDExtension.m"; sourceTree = "<group>"; };
		F70EF51B1F5F8631001C65A7 /* RegexTool.h */ = {isa = PBXFileReference; fileEncoding = 4; lastKnownFileType = sourcecode.c.h; path = RegexTool.h; sourceTree = "<group>"; };
		F70EF51C1F5F8631001C65A7 /* RegexTool.m */ = {isa = PBXFileReference; fileEncoding = 4; lastKnownFileType = sourcecode.c.objc; path = RegexTool.m; sourceTree = "<group>"; };
		F70EF51E1F5F875A001C65A7 /* Recruitment.pch */ = {isa = PBXFileReference; fileEncoding = 4; lastKnownFileType = sourcecode.c.h; path = Recruitment.pch; sourceTree = "<group>"; };
		F70EF51F1F5F8770001C65A7 /* RequestUrl.h */ = {isa = PBXFileReference; lastKnownFileType = sourcecode.c.h; path = RequestUrl.h; sourceTree = "<group>"; };
/* End PBXFileReference section */

/* Begin PBXFrameworksBuildPhase section */
		F70EF46E1F5F7F8E001C65A7 /* Frameworks */ = {
			isa = PBXFrameworksBuildPhase;
			buildActionMask = 2147483647;
			files = (
				5945D95BFF5ABC906AC8BCE4 /* libPods-Recruitment.a in Frameworks */,
			);
			runOnlyForDeploymentPostprocessing = 0;
		};
/* End PBXFrameworksBuildPhase section */

/* Begin PBXGroup section */
		4D7DEA0FA3240142039EA962 /* Frameworks */ = {
			isa = PBXGroup;
			children = (
				E27941E1587E8AC96BF6F25B /* libPods-Recruitment.a */,
			);
			name = Frameworks;
			sourceTree = "<group>";
		};
		8E2AE4274354581E41BFB169 /* Pods */ = {
			isa = PBXGroup;
			children = (
				8033F8F664516D663532CDA7 /* Pods-Recruitment.debug.xcconfig */,
				7C157134079D20305100C898 /* Pods-Recruitment.release.xcconfig */,
			);
			name = Pods;
			sourceTree = "<group>";
		};
		F70EF4681F5F7F8E001C65A7 = {
			isa = PBXGroup;
			children = (
				F70EF4731F5F7F8E001C65A7 /* Recruitment */,
				F70EF4721F5F7F8E001C65A7 /* Products */,
				8E2AE4274354581E41BFB169 /* Pods */,
				4D7DEA0FA3240142039EA962 /* Frameworks */,
			);
			sourceTree = "<group>";
		};
		F70EF4721F5F7F8E001C65A7 /* Products */ = {
			isa = PBXGroup;
			children = (
				F70EF4711F5F7F8E001C65A7 /* Recruitment.app */,
			);
			name = Products;
			sourceTree = "<group>";
		};
		F70EF4731F5F7F8E001C65A7 /* Recruitment */ = {
			isa = PBXGroup;
			children = (
				F70EF48D1F5F8591001C65A7 /* AFNetworking_RequestData */,
				F70EF4911F5F85B7001C65A7 /* Thirdparty */,
				F70EF4771F5F7F8E001C65A7 /* AppDelegate.h */,
				F70EF4781F5F7F8E001C65A7 /* AppDelegate.m */,
				F70EF47A1F5F7F8E001C65A7 /* ViewController.h */,
				F70EF47B1F5F7F8E001C65A7 /* ViewController.m */,
				F70EF47D1F5F7F8E001C65A7 /* Main.storyboard */,
				F70EF4801F5F7F8E001C65A7 /* Assets.xcassets */,
				F70EF4821F5F7F8E001C65A7 /* LaunchScreen.storyboard */,
				F70EF4851F5F7F8E001C65A7 /* Info.plist */,
				F70EF4741F5F7F8E001C65A7 /* Supporting Files */,
			);
			path = Recruitment;
			sourceTree = "<group>";
		};
		F70EF4741F5F7F8E001C65A7 /* Supporting Files */ = {
			isa = PBXGroup;
			children = (
				F70EF4751F5F7F8E001C65A7 /* main.m */,
				F70EF48C1F5F854E001C65A7 /* DefineFile.h */,
				F70EF51F1F5F8770001C65A7 /* RequestUrl.h */,
				F70EF51E1F5F875A001C65A7 /* Recruitment.pch */,
			);
			name = "Supporting Files";
			sourceTree = "<group>";
		};
		F70EF48D1F5F8591001C65A7 /* AFNetworking_RequestData */ = {
			isa = PBXGroup;
			children = (
				F70EF48E1F5F8591001C65A7 /* AFNetworking_RequestData.h */,
				F70EF48F1F5F8591001C65A7 /* AFNetworking_RequestData.m */,
			);
			path = AFNetworking_RequestData;
			sourceTree = "<group>";
		};
		F70EF4911F5F85B7001C65A7 /* Thirdparty */ = {
			isa = PBXGroup;
			children = (
				F70EF51A1F5F862A001C65A7 /* RegexTool */,
				F70EF5031F5F8616001C65A7 /* SDCycleScrollView */,
				F70EF4FF1F5F860A001C65A7 /* ZXPUnicode */,
				F70EF4F71F5F8603001C65A7 /* YYModel */,
				F70EF4F31F5F85FE001C65A7 /* UIColorEx */,
				F70EF4DD1F5F85F7001C65A7 /* Tools */,
				F70EF4D91F5F85ED001C65A7 /* Toast */,
				F70EF4D51F5F85E4001C65A7 /* InfoCache */,
				F70EF4921F5F85DB001C65A7 /* MJRefresh */,
			);
			path = Thirdparty;
			sourceTree = "<group>";
		};
		F70EF4921F5F85DB001C65A7 /* MJRefresh */ = {
			isa = PBXGroup;
			children = (
				F70EF4931F5F85DB001C65A7 /* Base */,
				F70EF49E1F5F85DB001C65A7 /* Custom */,
				F70EF4B51F5F85DB001C65A7 /* MJRefresh.bundle */,
				F70EF4B61F5F85DB001C65A7 /* MJRefresh.h */,
				F70EF4B71F5F85DB001C65A7 /* MJRefreshConst.h */,
				F70EF4B81F5F85DB001C65A7 /* MJRefreshConst.m */,
				F70EF4B91F5F85DB001C65A7 /* NSBundle+MJRefresh.h */,
				F70EF4BA1F5F85DB001C65A7 /* NSBundle+MJRefresh.m */,
				F70EF4BB1F5F85DB001C65A7 /* UIScrollView+MJExtension.h */,
				F70EF4BC1F5F85DB001C65A7 /* UIScrollView+MJExtension.m */,
				F70EF4BD1F5F85DB001C65A7 /* UIScrollView+MJRefresh.h */,
				F70EF4BE1F5F85DB001C65A7 /* UIScrollView+MJRefresh.m */,
				F70EF4BF1F5F85DB001C65A7 /* UIView+MJExtension.h */,
				F70EF4C01F5F85DB001C65A7 /* UIView+MJExtension.m */,
			);
			path = MJRefresh;
			sourceTree = "<group>";
		};
		F70EF4931F5F85DB001C65A7 /* Base */ = {
			isa = PBXGroup;
			children = (
				F70EF4941F5F85DB001C65A7 /* MJRefreshAutoFooter.h */,
				F70EF4951F5F85DB001C65A7 /* MJRefreshAutoFooter.m */,
				F70EF4961F5F85DB001C65A7 /* MJRefreshBackFooter.h */,
				F70EF4971F5F85DB001C65A7 /* MJRefreshBackFooter.m */,
				F70EF4981F5F85DB001C65A7 /* MJRefreshComponent.h */,
				F70EF4991F5F85DB001C65A7 /* MJRefreshComponent.m */,
				F70EF49A1F5F85DB001C65A7 /* MJRefreshFooter.h */,
				F70EF49B1F5F85DB001C65A7 /* MJRefreshFooter.m */,
				F70EF49C1F5F85DB001C65A7 /* MJRefreshHeader.h */,
				F70EF49D1F5F85DB001C65A7 /* MJRefreshHeader.m */,
			);
			path = Base;
			sourceTree = "<group>";
		};
		F70EF49E1F5F85DB001C65A7 /* Custom */ = {
			isa = PBXGroup;
			children = (
				F70EF49F1F5F85DB001C65A7 /* Footer */,
				F70EF4AE1F5F85DB001C65A7 /* Header */,
			);
			path = Custom;
			sourceTree = "<group>";
		};
		F70EF49F1F5F85DB001C65A7 /* Footer */ = {
			isa = PBXGroup;
			children = (
				F70EF4A01F5F85DB001C65A7 /* Auto */,
				F70EF4A71F5F85DB001C65A7 /* Back */,
			);
			path = Footer;
			sourceTree = "<group>";
		};
		F70EF4A01F5F85DB001C65A7 /* Auto */ = {
			isa = PBXGroup;
			children = (
				F70EF4A11F5F85DB001C65A7 /* MJRefreshAutoGifFooter.h */,
				F70EF4A21F5F85DB001C65A7 /* MJRefreshAutoGifFooter.m */,
				F70EF4A31F5F85DB001C65A7 /* MJRefreshAutoNormalFooter.h */,
				F70EF4A41F5F85DB001C65A7 /* MJRefreshAutoNormalFooter.m */,
				F70EF4A51F5F85DB001C65A7 /* MJRefreshAutoStateFooter.h */,
				F70EF4A61F5F85DB001C65A7 /* MJRefreshAutoStateFooter.m */,
			);
			path = Auto;
			sourceTree = "<group>";
		};
		F70EF4A71F5F85DB001C65A7 /* Back */ = {
			isa = PBXGroup;
			children = (
				F70EF4A81F5F85DB001C65A7 /* MJRefreshBackGifFooter.h */,
				F70EF4A91F5F85DB001C65A7 /* MJRefreshBackGifFooter.m */,
				F70EF4AA1F5F85DB001C65A7 /* MJRefreshBackNormalFooter.h */,
				F70EF4AB1F5F85DB001C65A7 /* MJRefreshBackNormalFooter.m */,
				F70EF4AC1F5F85DB001C65A7 /* MJRefreshBackStateFooter.h */,
				F70EF4AD1F5F85DB001C65A7 /* MJRefreshBackStateFooter.m */,
			);
			path = Back;
			sourceTree = "<group>";
		};
		F70EF4AE1F5F85DB001C65A7 /* Header */ = {
			isa = PBXGroup;
			children = (
				F70EF4AF1F5F85DB001C65A7 /* MJRefreshGifHeader.h */,
				F70EF4B01F5F85DB001C65A7 /* MJRefreshGifHeader.m */,
				F70EF4B11F5F85DB001C65A7 /* MJRefreshNormalHeader.h */,
				F70EF4B21F5F85DB001C65A7 /* MJRefreshNormalHeader.m */,
				F70EF4B31F5F85DB001C65A7 /* MJRefreshStateHeader.h */,
				F70EF4B41F5F85DB001C65A7 /* MJRefreshStateHeader.m */,
			);
			path = Header;
			sourceTree = "<group>";
		};
		F70EF4D51F5F85E4001C65A7 /* InfoCache */ = {
			isa = PBXGroup;
			children = (
				F70EF4D61F5F85E4001C65A7 /* InfoCache.h */,
				F70EF4D71F5F85E4001C65A7 /* InfoCache.m */,
			);
			path = InfoCache;
			sourceTree = "<group>";
		};
		F70EF4D91F5F85ED001C65A7 /* Toast */ = {
			isa = PBXGroup;
			children = (
				F70EF4DA1F5F85ED001C65A7 /* UIView+Toast.h */,
				F70EF4DB1F5F85ED001C65A7 /* UIView+Toast.m */,
			);
			path = Toast;
			sourceTree = "<group>";
		};
		F70EF4DD1F5F85F7001C65A7 /* Tools */ = {
			isa = PBXGroup;
			children = (
				F70EF4DE1F5F85F7001C65A7 /* nav-background@2x.png */,
				F70EF4DF1F5F85F7001C65A7 /* NSStringExt.h */,
				F70EF4E01F5F85F7001C65A7 /* NSStringExt.m */,
				F70EF4E11F5F85F7001C65A7 /* TableView+Gategory */,
				F70EF4E61F5F85F7001C65A7 /* UIImage+UIImageExt.h */,
				F70EF4E71F5F85F7001C65A7 /* UIImage+UIImageExt.m */,
				F70EF4E81F5F85F7001C65A7 /* UIViewController+UIViewControllerExt.h */,
				F70EF4E91F5F85F7001C65A7 /* UIViewController+UIViewControllerExt.m */,
				F70EF4EA1F5F85F7001C65A7 /* UIViewExt.h */,
				F70EF4EB1F5F85F7001C65A7 /* UIViewExt.m */,
			);
			path = Tools;
			sourceTree = "<group>";
		};
		F70EF4E11F5F85F7001C65A7 /* TableView+Gategory */ = {
			isa = PBXGroup;
			children = (
				F70EF4E21F5F85F7001C65A7 /* LZQTimerLabel.h */,
				F70EF4E31F5F85F7001C65A7 /* LZQTimerLabel.m */,
				F70EF4E41F5F85F7001C65A7 /* UITableView+EmptyData.h */,
				F70EF4E51F5F85F7001C65A7 /* UITableView+EmptyData.m */,
			);
			path = "TableView+Gategory";
			sourceTree = "<group>";
		};
		F70EF4F31F5F85FE001C65A7 /* UIColorEx */ = {
			isa = PBXGroup;
			children = (
				F70EF4F41F5F85FE001C65A7 /* UIColor+Expend.h */,
				F70EF4F51F5F85FE001C65A7 /* UIColor+Expend.m */,
			);
			path = UIColorEx;
			sourceTree = "<group>";
		};
		F70EF4F71F5F8603001C65A7 /* YYModel */ = {
			isa = PBXGroup;
			children = (
				F70EF4F81F5F8603001C65A7 /* NSObject+YYModel.h */,
				F70EF4F91F5F8603001C65A7 /* NSObject+YYModel.m */,
				F70EF4FA1F5F8603001C65A7 /* YYClassInfo.h */,
				F70EF4FB1F5F8603001C65A7 /* YYClassInfo.m */,
				F70EF4FC1F5F8603001C65A7 /* YYModel.h */,
			);
			path = YYModel;
			sourceTree = "<group>";
		};
		F70EF4FF1F5F860A001C65A7 /* ZXPUnicode */ = {
			isa = PBXGroup;
			children = (
				F70EF5001F5F860A001C65A7 /* ZXPUnicode.h */,
				F70EF5011F5F860A001C65A7 /* ZXPUnicode.m */,
			);
			path = ZXPUnicode;
			sourceTree = "<group>";
		};
		F70EF5031F5F8616001C65A7 /* SDCycleScrollView */ = {
			isa = PBXGroup;
			children = (
				F70EF5041F5F8616001C65A7 /* PageControl */,
				F70EF50D1F5F8616001C65A7 /* SDCollectionViewCell.h */,
				F70EF50E1F5F8616001C65A7 /* SDCollectionViewCell.m */,
				F70EF50F1F5F8616001C65A7 /* SDCycleScrollView.h */,
				F70EF5101F5F8616001C65A7 /* SDCycleScrollView.m */,
				F70EF5111F5F8616001C65A7 /* UIView+SDExtension.h */,
				F70EF5121F5F8616001C65A7 /* UIView+SDExtension.m */,
			);
			path = SDCycleScrollView;
			sourceTree = "<group>";
		};
		F70EF5041F5F8616001C65A7 /* PageControl */ = {
			isa = PBXGroup;
			children = (
				F70EF5051F5F8616001C65A7 /* TAAbstractDotView.h */,
				F70EF5061F5F8616001C65A7 /* TAAbstractDotView.m */,
				F70EF5071F5F8616001C65A7 /* TAAnimatedDotView.h */,
				F70EF5081F5F8616001C65A7 /* TAAnimatedDotView.m */,
				F70EF5091F5F8616001C65A7 /* TADotView.h */,
				F70EF50A1F5F8616001C65A7 /* TADotView.m */,
				F70EF50B1F5F8616001C65A7 /* TAPageControl.h */,
				F70EF50C1F5F8616001C65A7 /* TAPageControl.m */,
			);
			path = PageControl;
			sourceTree = "<group>";
		};
		F70EF51A1F5F862A001C65A7 /* RegexTool */ = {
			isa = PBXGroup;
			children = (
				F70EF51B1F5F8631001C65A7 /* RegexTool.h */,
				F70EF51C1F5F8631001C65A7 /* RegexTool.m */,
			);
			path = RegexTool;
			sourceTree = "<group>";
		};
/* End PBXGroup section */

/* Begin PBXNativeTarget section */
		F70EF4701F5F7F8E001C65A7 /* Recruitment */ = {
			isa = PBXNativeTarget;
			buildConfigurationList = F70EF4881F5F7F8E001C65A7 /* Build configuration list for PBXNativeTarget "Recruitment" */;
			buildPhases = (
				85B1E14BEA0263471FA8ED27 /* [CP] Check Pods Manifest.lock */,
				F70EF46D1F5F7F8E001C65A7 /* Sources */,
				F70EF46E1F5F7F8E001C65A7 /* Frameworks */,
				F70EF46F1F5F7F8E001C65A7 /* Resources */,
				332B29387268A57C29F9190B /* [CP] Embed Pods Frameworks */,
				CDE17D08CEA03850C2BEE519 /* [CP] Copy Pods Resources */,
			);
			buildRules = (
			);
			dependencies = (
			);
			name = Recruitment;
			productName = Recruitment;
			productReference = F70EF4711F5F7F8E001C65A7 /* Recruitment.app */;
			productType = "com.apple.product-type.application";
		};
/* End PBXNativeTarget section */

/* Begin PBXProject section */
		F70EF4691F5F7F8E001C65A7 /* Project object */ = {
			isa = PBXProject;
			attributes = {
				LastUpgradeCheck = 0830;
				ORGANIZATIONNAME = ZhangWeiLiang;
				TargetAttributes = {
					F70EF4701F5F7F8E001C65A7 = {
						CreatedOnToolsVersion = 8.3.2;
						DevelopmentTeam = D59VU3JG9L;
						ProvisioningStyle = Automatic;
					};
				};
			};
			buildConfigurationList = F70EF46C1F5F7F8E001C65A7 /* Build configuration list for PBXProject "Recruitment" */;
			compatibilityVersion = "Xcode 3.2";
			developmentRegion = English;
			hasScannedForEncodings = 0;
			knownRegions = (
				en,
				Base,
			);
			mainGroup = F70EF4681F5F7F8E001C65A7;
			productRefGroup = F70EF4721F5F7F8E001C65A7 /* Products */;
			projectDirPath = "";
			projectRoot = "";
			targets = (
				F70EF4701F5F7F8E001C65A7 /* Recruitment */,
			);
		};
/* End PBXProject section */

/* Begin PBXResourcesBuildPhase section */
		F70EF46F1F5F7F8E001C65A7 /* Resources */ = {
			isa = PBXResourcesBuildPhase;
			buildActionMask = 2147483647;
			files = (
				F70EF4841F5F7F8E001C65A7 /* LaunchScreen.storyboard in Resources */,
				F70EF4811F5F7F8E001C65A7 /* Assets.xcassets in Resources */,
				F70EF4CF1F5F85DB001C65A7 /* MJRefresh.bundle in Resources */,
				F70EF47F1F5F7F8E001C65A7 /* Main.storyboard in Resources */,
				F70EF4EC1F5F85F7001C65A7 /* nav-background@2x.png in Resources */,
			);
			runOnlyForDeploymentPostprocessing = 0;
		};
/* End PBXResourcesBuildPhase section */

/* Begin PBXShellScriptBuildPhase section */
		332B29387268A57C29F9190B /* [CP] Embed Pods Frameworks */ = {
			isa = PBXShellScriptBuildPhase;
			buildActionMask = 2147483647;
			files = (
			);
			inputPaths = (
			);
			name = "[CP] Embed Pods Frameworks";
			outputPaths = (
			);
			runOnlyForDeploymentPostprocessing = 0;
			shellPath = /bin/sh;
			shellScript = "\"${SRCROOT}/Pods/Target Support Files/Pods-Recruitment/Pods-Recruitment-frameworks.sh\"\n";
			showEnvVarsInLog = 0;
		};
		85B1E14BEA0263471FA8ED27 /* [CP] Check Pods Manifest.lock */ = {
			isa = PBXShellScriptBuildPhase;
			buildActionMask = 2147483647;
			files = (
			);
			inputPaths = (
			);
			name = "[CP] Check Pods Manifest.lock";
			outputPaths = (
			);
			runOnlyForDeploymentPostprocessing = 0;
			shellPath = /bin/sh;
			shellScript = "diff \"${PODS_PODFILE_DIR_PATH}/Podfile.lock\" \"${PODS_ROOT}/Manifest.lock\" > /dev/null\nif [ $? != 0 ] ; then\n    # print error to STDERR\n    echo \"error: The sandbox is not in sync with the Podfile.lock. Run 'pod install' or update your CocoaPods installation.\" >&2\n    exit 1\nfi\n";
			showEnvVarsInLog = 0;
		};
		CDE17D08CEA03850C2BEE519 /* [CP] Copy Pods Resources */ = {
			isa = PBXShellScriptBuildPhase;
			buildActionMask = 2147483647;
			files = (
			);
			inputPaths = (
			);
			name = "[CP] Copy Pods Resources";
			outputPaths = (
			);
			runOnlyForDeploymentPostprocessing = 0;
			shellPath = /bin/sh;
			shellScript = "\"${SRCROOT}/Pods/Target Support Files/Pods-Recruitment/Pods-Recruitment-resources.sh\"\n";
			showEnvVarsInLog = 0;
		};
/* End PBXShellScriptBuildPhase section */

/* Begin PBXSourcesBuildPhase section */
		F70EF46D1F5F7F8E001C65A7 /* Sources */ = {
			isa = PBXSourcesBuildPhase;
			buildActionMask = 2147483647;
			files = (
				F70EF4C71F5F85DB001C65A7 /* MJRefreshAutoNormalFooter.m in Sources */,
				F70EF51D1F5F8631001C65A7 /* RegexTool.m in Sources */,
				F70EF4CA1F5F85DB001C65A7 /* MJRefreshBackNormalFooter.m in Sources */,
				F70EF4C21F5F85DB001C65A7 /* MJRefreshBackFooter.m in Sources */,
				F70EF4DC1F5F85ED001C65A7 /* UIView+Toast.m in Sources */,
				F70EF4D41F5F85DB001C65A7 /* UIView+MJExtension.m in Sources */,
				F70EF4D11F5F85DB001C65A7 /* NSBundle+MJRefresh.m in Sources */,
				F70EF4D01F5F85DB001C65A7 /* MJRefreshConst.m in Sources */,
				F70EF5191F5F8616001C65A7 /* UIView+SDExtension.m in Sources */,
				F70EF4EE1F5F85F7001C65A7 /* LZQTimerLabel.m in Sources */,
				F70EF5021F5F860A001C65A7 /* ZXPUnicode.m in Sources */,
				F70EF5181F5F8616001C65A7 /* SDCycleScrollView.m in Sources */,
				F70EF4ED1F5F85F7001C65A7 /* NSStringExt.m in Sources */,
				F70EF4D81F5F85E4001C65A7 /* InfoCache.m in Sources */,
				F70EF4F21F5F85F7001C65A7 /* UIViewExt.m in Sources */,
				F70EF4C41F5F85DB001C65A7 /* MJRefreshFooter.m in Sources */,
				F70EF5131F5F8616001C65A7 /* TAAbstractDotView.m in Sources */,
				F70EF4CC1F5F85DB001C65A7 /* MJRefreshGifHeader.m in Sources */,
				F70EF4C11F5F85DB001C65A7 /* MJRefreshAutoFooter.m in Sources */,
				F70EF47C1F5F7F8E001C65A7 /* ViewController.m in Sources */,
				F70EF4D21F5F85DB001C65A7 /* UIScrollView+MJExtension.m in Sources */,
				F70EF4FE1F5F8603001C65A7 /* YYClassInfo.m in Sources */,
				F70EF4C51F5F85DB001C65A7 /* MJRefreshHeader.m in Sources */,
				F70EF4C91F5F85DB001C65A7 /* MJRefreshBackGifFooter.m in Sources */,
				F70EF4F11F5F85F7001C65A7 /* UIViewController+UIViewControllerExt.m in Sources */,
				F70EF4D31F5F85DB001C65A7 /* UIScrollView+MJRefresh.m in Sources */,
				F70EF5171F5F8616001C65A7 /* SDCollectionViewCell.m in Sources */,
				F70EF4791F5F7F8E001C65A7 /* AppDelegate.m in Sources */,
				F70EF4C31F5F85DB001C65A7 /* MJRefreshComponent.m in Sources */,
				F70EF4C81F5F85DB001C65A7 /* MJRefreshAutoStateFooter.m in Sources */,
				F70EF4F61F5F85FE001C65A7 /* UIColor+Expend.m in Sources */,
				F70EF4CD1F5F85DB001C65A7 /* MJRefreshNormalHeader.m in Sources */,
				F70EF4F01F5F85F7001C65A7 /* UIImage+UIImageExt.m in Sources */,
				F70EF5151F5F8616001C65A7 /* TADotView.m in Sources */,
				F70EF4CE1F5F85DB001C65A7 /* MJRefreshStateHeader.m in Sources */,
				F70EF4CB1F5F85DB001C65A7 /* MJRefreshBackStateFooter.m in Sources */,
				F70EF5161F5F8616001C65A7 /* TAPageControl.m in Sources */,
				F70EF5141F5F8616001C65A7 /* TAAnimatedDotView.m in Sources */,
				F70EF4C61F5F85DB001C65A7 /* MJRefreshAutoGifFooter.m in Sources */,
				F70EF4901F5F8591001C65A7 /* AFNetworking_RequestData.m in Sources */,
				F70EF4FD1F5F8603001C65A7 /* NSObject+YYModel.m in Sources */,
				F70EF4761F5F7F8E001C65A7 /* main.m in Sources */,
				F70EF4EF1F5F85F7001C65A7 /* UITableView+EmptyData.m in Sources */,
			);
			runOnlyForDeploymentPostprocessing = 0;
		};
/* End PBXSourcesBuildPhase section */

/* Begin PBXVariantGroup section */
		F70EF47D1F5F7F8E001C65A7 /* Main.storyboard */ = {
			isa = PBXVariantGroup;
			children = (
				F70EF47E1F5F7F8E001C65A7 /* Base */,
			);
			name = Main.storyboard;
			sourceTree = "<group>";
		};
		F70EF4821F5F7F8E001C65A7 /* LaunchScreen.storyboard */ = {
			isa = PBXVariantGroup;
			children = (
				F70EF4831F5F7F8E001C65A7 /* Base */,
			);
			name = LaunchScreen.storyboard;
			sourceTree = "<group>";
		};
/* End PBXVariantGroup section */

/* Begin XCBuildConfiguration section */
		F70EF4861F5F7F8E001C65A7 /* Debug */ = {
			isa = XCBuildConfiguration;
			buildSettings = {
				ALWAYS_SEARCH_USER_PATHS = NO;
				CLANG_ANALYZER_NONNULL = YES;
				CLANG_ANALYZER_NUMBER_OBJECT_CONVERSION = YES_AGGRESSIVE;
				CLANG_CXX_LANGUAGE_STANDARD = "gnu++0x";
				CLANG_CXX_LIBRARY = "libc++";
				CLANG_ENABLE_MODULES = YES;
				CLANG_ENABLE_OBJC_ARC = YES;
				CLANG_WARN_BOOL_CONVERSION = YES;
				CLANG_WARN_CONSTANT_CONVERSION = YES;
				CLANG_WARN_DIRECT_OBJC_ISA_USAGE = YES_ERROR;
				CLANG_WARN_DOCUMENTATION_COMMENTS = YES;
				CLANG_WARN_EMPTY_BODY = YES;
				CLANG_WARN_ENUM_CONVERSION = YES;
				CLANG_WARN_INFINITE_RECURSION = YES;
				CLANG_WARN_INT_CONVERSION = YES;
				CLANG_WARN_OBJC_ROOT_CLASS = YES_ERROR;
				CLANG_WARN_SUSPICIOUS_MOVE = YES;
				CLANG_WARN_UNREACHABLE_CODE = YES;
				CLANG_WARN__DUPLICATE_METHOD_MATCH = YES;
				"CODE_SIGN_IDENTITY[sdk=iphoneos*]" = "iPhone Developer";
				COPY_PHASE_STRIP = NO;
				DEBUG_INFORMATION_FORMAT = dwarf;
				ENABLE_STRICT_OBJC_MSGSEND = YES;
				ENABLE_TESTABILITY = YES;
				GCC_C_LANGUAGE_STANDARD = gnu99;
				GCC_DYNAMIC_NO_PIC = NO;
				GCC_NO_COMMON_BLOCKS = YES;
				GCC_OPTIMIZATION_LEVEL = 0;
				GCC_PREPROCESSOR_DEFINITIONS = (
					"DEBUG=1",
					"$(inherited)",
				);
				GCC_WARN_64_TO_32_BIT_CONVERSION = YES;
				GCC_WARN_ABOUT_RETURN_TYPE = YES_ERROR;
				GCC_WARN_UNDECLARED_SELECTOR = YES;
				GCC_WARN_UNINITIALIZED_AUTOS = YES_AGGRESSIVE;
				GCC_WARN_UNUSED_FUNCTION = YES;
				GCC_WARN_UNUSED_VARIABLE = YES;
				IPHONEOS_DEPLOYMENT_TARGET = 10.3;
				MTL_ENABLE_DEBUG_INFO = YES;
				ONLY_ACTIVE_ARCH = YES;
				SDKROOT = iphoneos;
				TARGETED_DEVICE_FAMILY = "1,2";
			};
			name = Debug;
		};
		F70EF4871F5F7F8E001C65A7 /* Release */ = {
			isa = XCBuildConfiguration;
			buildSettings = {
				ALWAYS_SEARCH_USER_PATHS = NO;
				CLANG_ANALYZER_NONNULL = YES;
				CLANG_ANALYZER_NUMBER_OBJECT_CONVERSION = YES_AGGRESSIVE;
				CLANG_CXX_LANGUAGE_STANDARD = "gnu++0x";
				CLANG_CXX_LIBRARY = "libc++";
				CLANG_ENABLE_MODULES = YES;
				CLANG_ENABLE_OBJC_ARC = YES;
				CLANG_WARN_BOOL_CONVERSION = YES;
				CLANG_WARN_CONSTANT_CONVERSION = YES;
				CLANG_WARN_DIRECT_OBJC_ISA_USAGE = YES_ERROR;
				CLANG_WARN_DOCUMENTATION_COMMENTS = YES;
				CLANG_WARN_EMPTY_BODY = YES;
				CLANG_WARN_ENUM_CONVERSION = YES;
				CLANG_WARN_INFINITE_RECURSION = YES;
				CLANG_WARN_INT_CONVERSION = YES;
				CLANG_WARN_OBJC_ROOT_CLASS = YES_ERROR;
				CLANG_WARN_SUSPICIOUS_MOVE = YES;
				CLANG_WARN_UNREACHABLE_CODE = YES;
				CLANG_WARN__DUPLICATE_METHOD_MATCH = YES;
				"CODE_SIGN_IDENTITY[sdk=iphoneos*]" = "iPhone Developer";
				COPY_PHASE_STRIP = NO;
				DEBUG_INFORMATION_FORMAT = "dwarf-with-dsym";
				ENABLE_NS_ASSERTIONS = NO;
				ENABLE_STRICT_OBJC_MSGSEND = YES;
				GCC_C_LANGUAGE_STANDARD = gnu99;
				GCC_NO_COMMON_BLOCKS = YES;
				GCC_WARN_64_TO_32_BIT_CONVERSION = YES;
				GCC_WARN_ABOUT_RETURN_TYPE = YES_ERROR;
				GCC_WARN_UNDECLARED_SELECTOR = YES;
				GCC_WARN_UNINITIALIZED_AUTOS = YES_AGGRESSIVE;
				GCC_WARN_UNUSED_FUNCTION = YES;
				GCC_WARN_UNUSED_VARIABLE = YES;
				IPHONEOS_DEPLOYMENT_TARGET = 10.3;
				MTL_ENABLE_DEBUG_INFO = NO;
				SDKROOT = iphoneos;
				TARGETED_DEVICE_FAMILY = "1,2";
				VALIDATE_PRODUCT = YES;
			};
			name = Release;
		};
		F70EF4891F5F7F8E001C65A7 /* Debug */ = {
			isa = XCBuildConfiguration;
			baseConfigurationReference = 8033F8F664516D663532CDA7 /* Pods-Recruitment.debug.xcconfig */;
			buildSettings = {
				ASSETCATALOG_COMPILER_APPICON_NAME = AppIcon;
				DEVELOPMENT_TEAM = D59VU3JG9L;
				GCC_PRECOMPILE_PREFIX_HEADER = YES;
				GCC_PREFIX_HEADER = "$(SRCROOT)/Recruitment/Recruitment.pch";
				INFOPLIST_FILE = Recruitment/Info.plist;
				IPHONEOS_DEPLOYMENT_TARGET = 8.0;
				LD_RUNPATH_SEARCH_PATHS = "$(inherited) @executable_path/Frameworks";
				PRODUCT_BUNDLE_IDENTIFIER = com.HongHu.Recruitment;
				PRODUCT_NAME = "$(TARGET_NAME)";
			};
			name = Debug;
		};
		F70EF48A1F5F7F8E001C65A7 /* Release */ = {
			isa = XCBuildConfiguration;
			baseConfigurationReference = 7C157134079D20305100C898 /* Pods-Recruitment.release.xcconfig */;
			buildSettings = {
				ASSETCATALOG_COMPILER_APPICON_NAME = AppIcon;
				DEVELOPMENT_TEAM = D59VU3JG9L;
				GCC_PRECOMPILE_PREFIX_HEADER = YES;
				GCC_PREFIX_HEADER = "$(SRCROOT)/Recruitment/Recruitment.pch";
				INFOPLIST_FILE = Recruitment/Info.plist;
				IPHONEOS_DEPLOYMENT_TARGET = 8.0;
				LD_RUNPATH_SEARCH_PATHS = "$(inherited) @executable_path/Frameworks";
				PRODUCT_BUNDLE_IDENTIFIER = com.HongHu.Recruitment;
				PRODUCT_NAME = "$(TARGET_NAME)";
			};
			name = Release;
		};
/* End XCBuildConfiguration section */

/* Begin XCConfigurationList section */
		F70EF46C1F5F7F8E001C65A7 /* Build configuration list for PBXProject "Recruitment" */ = {
			isa = XCConfigurationList;
			buildConfigurations = (
				F70EF4861F5F7F8E001C65A7 /* Debug */,
				F70EF4871F5F7F8E001C65A7 /* Release */,
			);
			defaultConfigurationIsVisible = 0;
			defaultConfigurationName = Release;
		};
		F70EF4881F5F7F8E001C65A7 /* Build configuration list for PBXNativeTarget "Recruitment" */ = {
			isa = XCConfigurationList;
			buildConfigurations = (
				F70EF4891F5F7F8E001C65A7 /* Debug */,
				F70EF48A1F5F7F8E001C65A7 /* Release */,
			);
			defaultConfigurationIsVisible = 0;
			defaultConfigurationName = Release;
		};
/* End XCConfigurationList section */
	};
	rootObject = F70EF4691F5F7F8E001C65A7 /* Project object */;
}
